
Microsoft Visual Studio Solution File, Format Version 12.00
# Visual Studio 15
VisualStudioVersion = 15.0.27004.2010
MinimumVisualStudioVersion = 10.0.40219.1
Project("{FAE04EC0-301F-11D3-BF4B-00C04F79EFBC}") = "ClipRecorder", "ClipRecorder\ClipRecorder.csproj", "{F8F071CF-3AFB-4A12-A3D7-B7CC7BF5D8A5}"
EndProject
Project("{FAE04EC0-301F-11D3-BF4B-00C04F79EFBC}") = "TsneDx", "TsneDx\TsneDx.csproj", "{48306F48-2555-4651-83E6-4D0336FA6179}"
EndProject
Project("{FAE04EC0-301F-11D3-BF4B-00C04F79EFBC}") = "SingleCellAnalysis", "SingleCellAnalysis\SingleCellAnalysis.csproj", "{232DF7D1-C0C0-4B24-BA80-2CE41ED6A860}"
EndProject
Project("{FAE04EC0-301F-11D3-BF4B-00C04F79EFBC}") = "BinaryPatternMetrics", "BinaryPatternMetrics\BinaryPatternMetrics.csproj", "{4D045F5F-A26B-4E82-B3D6-E075A177B0C6}"
EndProject
Project("{FAE04EC0-301F-11D3-BF4B-00C04F79EFBC}") = "CustomGlyphSets", "CustomGlyphSets\CustomGlyphSets.csproj", "{1955BBEB-33F3-4E9C-8FEE-AEF1F90F2E7E}"
EndProject
Project("{FAE04EC0-301F-11D3-BF4B-00C04F79EFBC}") = "CustomImporter", "CustomImporter\CustomImporter.csproj", "{431038B0-422E-442F-BC6B-CA595E64D1F7}"
EndProject
Project("{FAE04EC0-301F-11D3-BF4B-00C04F79EFBC}") = "DataCleansing", "DataCleansing\DataCleansing.csproj", "{2C214CD4-D9D9-4470-A8FC-0C4D69370EA7}"
EndProject
Project("{FAE04EC0-301F-11D3-BF4B-00C04F79EFBC}") = "DataGenerator", "DataGenerator\DataGenerator.csproj", "{993AEFBB-41C6-49C1-AECF-2C5FD0583D4B}"
EndProject
Project("{FAE04EC0-301F-11D3-BF4B-00C04F79EFBC}") = "DataModeling", "DataModeling\DataModeling.csproj", "{4F225861-6E1B-41DD-9340-F646468CD52B}"
EndProject
Project("{FAE04EC0-301F-11D3-BF4B-00C04F79EFBC}") = "GeneticAnalysis", "GeneticAnalysis\GeneticAnalysis.csproj", "{4E7F46B1-72D8-45C9-B168-55CB2ADCA481}"
EndProject
Project("{FAE04EC0-301F-11D3-BF4B-00C04F79EFBC}") = "GraphMetrics", "GraphMetrics\GraphMetrics.csproj", "{EE80E5EF-E74D-44A1-8D57-10C4152B7EB2}"
EndProject
Project("{FAE04EC0-301F-11D3-BF4B-00C04F79EFBC}") = "MultivariateAnalysis", "MultivariateAnalysis\MultivariateAnalysis.csproj", "{8C8EDA45-82CF-4776-9183-B1952EF92302}"
EndProject
Project("{FAE04EC0-301F-11D3-BF4B-00C04F79EFBC}") = "NumericMetrics", "NumericMetrics\NumericMetrics.csproj", "{6CAC3C1F-BE69-4E14-B301-62C1049C10FC}"
EndProject
Project("{FAE04EC0-301F-11D3-BF4B-00C04F79EFBC}") = "WaveTransforms", "WaveTransforms\WaveTransforms.csproj", "{4021DED7-FC3F-42B8-BAE0-19D2CF5916CD}"
EndProject
Project("{FAE04EC0-301F-11D3-BF4B-00C04F79EFBC}") = "VisuMap", "..\VisuMap\VisuMap.csproj", "{460BF99B-DF67-4598-86A7-653BF818AB72}"
EndProject
Project("{FAE04EC0-301F-11D3-BF4B-00C04F79EFBC}") = "VisuMapApi", "..\VisuMap\VisuMapApi\VisuMapApi.csproj", "{D18BB735-8E34-4E21-A0D8-BF5A020B2E52}"
EndProject
Project("{8BC9CEB8-8B4A-11D0-8D11-00A0C91BC942}") = "VisuMapCLR", "..\VisuMap\VisuMapCLR\VisuMapCLR.vcxproj", "{4566B181-1AAB-46B8-A5FE-82673555082F}"
EndProject
Project("{888888A0-9F3D-457C-B088-3A5042F75D52}") = "HeatmapAtlas", "HeatmapAtlas\HeatmapAtlas.pyproj", "{8A44DCE8-FAC1-4E80-9BFF-DE63FF114022}"
EndProject
Project("{888888A0-9F3D-457C-B088-3A5042F75D52}") = "VisuModelling", "VisuModelling\VisuModelling.pyproj", "{FBBD17D0-73CA-4927-91D1-F4A89AB18FAA}"
EndProject
Global
	GlobalSection(SolutionConfigurationPlatforms) = preSolution
		Debug|Any CPU = Debug|Any CPU
		Debug|x64 = Debug|x64
		Debug|x86 = Debug|x86
		Debug32|Any CPU = Debug32|Any CPU
		Debug32|x64 = Debug32|x64
		Debug32|x86 = Debug32|x86
		Release|Any CPU = Release|Any CPU
		Release|x64 = Release|x64
		Release|x86 = Release|x86
		Release32|Any CPU = Release32|Any CPU
		Release32|x64 = Release32|x64
		Release32|x86 = Release32|x86
		Release64|Any CPU = Release64|Any CPU
		Release64|x64 = Release64|x64
		Release64|x86 = Release64|x86
		Setup|Any CPU = Setup|Any CPU
		Setup|x64 = Setup|x64
		Setup|x86 = Setup|x86
		Setup32|Any CPU = Setup32|Any CPU
		Setup32|x64 = Setup32|x64
		Setup32|x86 = Setup32|x86
	EndGlobalSection
	GlobalSection(ProjectConfigurationPlatforms) = postSolution
		{F8F071CF-3AFB-4A12-A3D7-B7CC7BF5D8A5}.Debug|Any CPU.ActiveCfg = Debug|Any CPU
		{F8F071CF-3AFB-4A12-A3D7-B7CC7BF5D8A5}.Debug|Any CPU.Build.0 = Debug|Any CPU
		{F8F071CF-3AFB-4A12-A3D7-B7CC7BF5D8A5}.Debug|x64.ActiveCfg = Debug|Any CPU
		{F8F071CF-3AFB-4A12-A3D7-B7CC7BF5D8A5}.Debug|x64.Build.0 = Debug|Any CPU
		{F8F071CF-3AFB-4A12-A3D7-B7CC7BF5D8A5}.Debug|x86.ActiveCfg = Debug|Any CPU
		{F8F071CF-3AFB-4A12-A3D7-B7CC7BF5D8A5}.Debug|x86.Build.0 = Debug|Any CPU
		{F8F071CF-3AFB-4A12-A3D7-B7CC7BF5D8A5}.Debug32|Any CPU.ActiveCfg = Debug|Any CPU
		{F8F071CF-3AFB-4A12-A3D7-B7CC7BF5D8A5}.Debug32|Any CPU.Build.0 = Debug|Any CPU
		{F8F071CF-3AFB-4A12-A3D7-B7CC7BF5D8A5}.Debug32|x64.ActiveCfg = Debug|Any CPU
		{F8F071CF-3AFB-4A12-A3D7-B7CC7BF5D8A5}.Debug32|x64.Build.0 = Debug|Any CPU
		{F8F071CF-3AFB-4A12-A3D7-B7CC7BF5D8A5}.Debug32|x86.ActiveCfg = Debug|Any CPU
		{F8F071CF-3AFB-4A12-A3D7-B7CC7BF5D8A5}.Debug32|x86.Build.0 = Debug|Any CPU
		{F8F071CF-3AFB-4A12-A3D7-B7CC7BF5D8A5}.Release|Any CPU.ActiveCfg = Release|Any CPU
		{F8F071CF-3AFB-4A12-A3D7-B7CC7BF5D8A5}.Release|Any CPU.Build.0 = Release|Any CPU
		{F8F071CF-3AFB-4A12-A3D7-B7CC7BF5D8A5}.Release|x64.ActiveCfg = Release|Any CPU
		{F8F071CF-3AFB-4A12-A3D7-B7CC7BF5D8A5}.Release|x64.Build.0 = Release|Any CPU
		{F8F071CF-3AFB-4A12-A3D7-B7CC7BF5D8A5}.Release|x86.ActiveCfg = Release|Any CPU
		{F8F071CF-3AFB-4A12-A3D7-B7CC7BF5D8A5}.Release|x86.Build.0 = Release|Any CPU
		{F8F071CF-3AFB-4A12-A3D7-B7CC7BF5D8A5}.Release32|Any CPU.ActiveCfg = Release64|Any CPU
		{F8F071CF-3AFB-4A12-A3D7-B7CC7BF5D8A5}.Release32|Any CPU.Build.0 = Release64|Any CPU
		{F8F071CF-3AFB-4A12-A3D7-B7CC7BF5D8A5}.Release32|x64.ActiveCfg = Release64|Any CPU
		{F8F071CF-3AFB-4A12-A3D7-B7CC7BF5D8A5}.Release32|x64.Build.0 = Release64|Any CPU
		{F8F071CF-3AFB-4A12-A3D7-B7CC7BF5D8A5}.Release32|x86.ActiveCfg = Release64|Any CPU
		{F8F071CF-3AFB-4A12-A3D7-B7CC7BF5D8A5}.Release32|x86.Build.0 = Release64|Any CPU
		{F8F071CF-3AFB-4A12-A3D7-B7CC7BF5D8A5}.Release64|Any CPU.ActiveCfg = Release64|Any CPU
		{F8F071CF-3AFB-4A12-A3D7-B7CC7BF5D8A5}.Release64|Any CPU.Build.0 = Release64|Any CPU
		{F8F071CF-3AFB-4A12-A3D7-B7CC7BF5D8A5}.Release64|x64.ActiveCfg = Release64|Any CPU
		{F8F071CF-3AFB-4A12-A3D7-B7CC7BF5D8A5}.Release64|x64.Build.0 = Release64|Any CPU
		{F8F071CF-3AFB-4A12-A3D7-B7CC7BF5D8A5}.Release64|x86.ActiveCfg = Release64|Any CPU
		{F8F071CF-3AFB-4A12-A3D7-B7CC7BF5D8A5}.Release64|x86.Build.0 = Release64|Any CPU
		{F8F071CF-3AFB-4A12-A3D7-B7CC7BF5D8A5}.Setup|Any CPU.ActiveCfg = Release64|Any CPU
		{F8F071CF-3AFB-4A12-A3D7-B7CC7BF5D8A5}.Setup|Any CPU.Build.0 = Release64|Any CPU
		{F8F071CF-3AFB-4A12-A3D7-B7CC7BF5D8A5}.Setup|x64.ActiveCfg = Release64|Any CPU
		{F8F071CF-3AFB-4A12-A3D7-B7CC7BF5D8A5}.Setup|x64.Build.0 = Release64|Any CPU
		{F8F071CF-3AFB-4A12-A3D7-B7CC7BF5D8A5}.Setup|x86.ActiveCfg = Release64|Any CPU
		{F8F071CF-3AFB-4A12-A3D7-B7CC7BF5D8A5}.Setup|x86.Build.0 = Release64|Any CPU
		{F8F071CF-3AFB-4A12-A3D7-B7CC7BF5D8A5}.Setup32|Any CPU.ActiveCfg = Release64|Any CPU
		{F8F071CF-3AFB-4A12-A3D7-B7CC7BF5D8A5}.Setup32|Any CPU.Build.0 = Release64|Any CPU
		{F8F071CF-3AFB-4A12-A3D7-B7CC7BF5D8A5}.Setup32|x64.ActiveCfg = Release64|Any CPU
		{F8F071CF-3AFB-4A12-A3D7-B7CC7BF5D8A5}.Setup32|x64.Build.0 = Release64|Any CPU
		{F8F071CF-3AFB-4A12-A3D7-B7CC7BF5D8A5}.Setup32|x86.ActiveCfg = Release64|Any CPU
		{F8F071CF-3AFB-4A12-A3D7-B7CC7BF5D8A5}.Setup32|x86.Build.0 = Release64|Any CPU
		{48306F48-2555-4651-83E6-4D0336FA6179}.Debug|Any CPU.ActiveCfg = Debug|Any CPU
		{48306F48-2555-4651-83E6-4D0336FA6179}.Debug|Any CPU.Build.0 = Debug|Any CPU
		{48306F48-2555-4651-83E6-4D0336FA6179}.Debug|x64.ActiveCfg = Debug|Any CPU
		{48306F48-2555-4651-83E6-4D0336FA6179}.Debug|x64.Build.0 = Debug|Any CPU
		{48306F48-2555-4651-83E6-4D0336FA6179}.Debug|x86.ActiveCfg = Debug|Any CPU
		{48306F48-2555-4651-83E6-4D0336FA6179}.Debug|x86.Build.0 = Debug|Any CPU
		{48306F48-2555-4651-83E6-4D0336FA6179}.Debug32|Any CPU.ActiveCfg = Debug|Any CPU
		{48306F48-2555-4651-83E6-4D0336FA6179}.Debug32|Any CPU.Build.0 = Debug|Any CPU
		{48306F48-2555-4651-83E6-4D0336FA6179}.Debug32|x64.ActiveCfg = Debug|Any CPU
		{48306F48-2555-4651-83E6-4D0336FA6179}.Debug32|x64.Build.0 = Debug|Any CPU
		{48306F48-2555-4651-83E6-4D0336FA6179}.Debug32|x86.ActiveCfg = Debug|Any CPU
		{48306F48-2555-4651-83E6-4D0336FA6179}.Debug32|x86.Build.0 = Debug|Any CPU
		{48306F48-2555-4651-83E6-4D0336FA6179}.Release|Any CPU.ActiveCfg = Release|Any CPU
		{48306F48-2555-4651-83E6-4D0336FA6179}.Release|Any CPU.Build.0 = Release|Any CPU
		{48306F48-2555-4651-83E6-4D0336FA6179}.Release|x64.ActiveCfg = Release|Any CPU
		{48306F48-2555-4651-83E6-4D0336FA6179}.Release|x64.Build.0 = Release|Any CPU
		{48306F48-2555-4651-83E6-4D0336FA6179}.Release|x86.ActiveCfg = Release|Any CPU
		{48306F48-2555-4651-83E6-4D0336FA6179}.Release|x86.Build.0 = Release|Any CPU
		{48306F48-2555-4651-83E6-4D0336FA6179}.Release32|Any CPU.ActiveCfg = Release|Any CPU
		{48306F48-2555-4651-83E6-4D0336FA6179}.Release32|Any CPU.Build.0 = Release|Any CPU
		{48306F48-2555-4651-83E6-4D0336FA6179}.Release32|x64.ActiveCfg = Release|Any CPU
		{48306F48-2555-4651-83E6-4D0336FA6179}.Release32|x64.Build.0 = Release|Any CPU
		{48306F48-2555-4651-83E6-4D0336FA6179}.Release32|x86.ActiveCfg = Release|Any CPU
		{48306F48-2555-4651-83E6-4D0336FA6179}.Release32|x86.Build.0 = Release|Any CPU
		{48306F48-2555-4651-83E6-4D0336FA6179}.Release64|Any CPU.ActiveCfg = Release|Any CPU
		{48306F48-2555-4651-83E6-4D0336FA6179}.Release64|Any CPU.Build.0 = Release|Any CPU
		{48306F48-2555-4651-83E6-4D0336FA6179}.Release64|x64.ActiveCfg = Release|Any CPU
		{48306F48-2555-4651-83E6-4D0336FA6179}.Release64|x64.Build.0 = Release|Any CPU
		{48306F48-2555-4651-83E6-4D0336FA6179}.Release64|x86.ActiveCfg = Release|Any CPU
		{48306F48-2555-4651-83E6-4D0336FA6179}.Release64|x86.Build.0 = Release|Any CPU
		{48306F48-2555-4651-83E6-4D0336FA6179}.Setup|Any CPU.ActiveCfg = Release|Any CPU
		{48306F48-2555-4651-83E6-4D0336FA6179}.Setup|Any CPU.Build.0 = Release|Any CPU
		{48306F48-2555-4651-83E6-4D0336FA6179}.Setup|x64.ActiveCfg = Release|Any CPU
		{48306F48-2555-4651-83E6-4D0336FA6179}.Setup|x64.Build.0 = Release|Any CPU
		{48306F48-2555-4651-83E6-4D0336FA6179}.Setup|x86.ActiveCfg = Release|Any CPU
		{48306F48-2555-4651-83E6-4D0336FA6179}.Setup|x86.Build.0 = Release|Any CPU
		{48306F48-2555-4651-83E6-4D0336FA6179}.Setup32|Any CPU.ActiveCfg = Release|Any CPU
		{48306F48-2555-4651-83E6-4D0336FA6179}.Setup32|Any CPU.Build.0 = Release|Any CPU
		{48306F48-2555-4651-83E6-4D0336FA6179}.Setup32|x64.ActiveCfg = Release|Any CPU
		{48306F48-2555-4651-83E6-4D0336FA6179}.Setup32|x64.Build.0 = Release|Any CPU
		{48306F48-2555-4651-83E6-4D0336FA6179}.Setup32|x86.ActiveCfg = Release|Any CPU
		{48306F48-2555-4651-83E6-4D0336FA6179}.Setup32|x86.Build.0 = Release|Any CPU
		{232DF7D1-C0C0-4B24-BA80-2CE41ED6A860}.Debug|Any CPU.ActiveCfg = Debug|Any CPU
		{232DF7D1-C0C0-4B24-BA80-2CE41ED6A860}.Debug|Any CPU.Build.0 = Debug|Any CPU
		{232DF7D1-C0C0-4B24-BA80-2CE41ED6A860}.Debug|x64.ActiveCfg = Debug|Any CPU
		{232DF7D1-C0C0-4B24-BA80-2CE41ED6A860}.Debug|x64.Build.0 = Debug|Any CPU
		{232DF7D1-C0C0-4B24-BA80-2CE41ED6A860}.Debug|x86.ActiveCfg = Debug|Any CPU
		{232DF7D1-C0C0-4B24-BA80-2CE41ED6A860}.Debug|x86.Build.0 = Debug|Any CPU
		{232DF7D1-C0C0-4B24-BA80-2CE41ED6A860}.Debug32|Any CPU.ActiveCfg = Debug|Any CPU
		{232DF7D1-C0C0-4B24-BA80-2CE41ED6A860}.Debug32|Any CPU.Build.0 = Debug|Any CPU
		{232DF7D1-C0C0-4B24-BA80-2CE41ED6A860}.Debug32|x64.ActiveCfg = Debug|Any CPU
		{232DF7D1-C0C0-4B24-BA80-2CE41ED6A860}.Debug32|x64.Build.0 = Debug|Any CPU
		{232DF7D1-C0C0-4B24-BA80-2CE41ED6A860}.Debug32|x86.ActiveCfg = Debug|Any CPU
		{232DF7D1-C0C0-4B24-BA80-2CE41ED6A860}.Debug32|x86.Build.0 = Debug|Any CPU
		{232DF7D1-C0C0-4B24-BA80-2CE41ED6A860}.Release|Any CPU.ActiveCfg = Release|Any CPU
		{232DF7D1-C0C0-4B24-BA80-2CE41ED6A860}.Release|Any CPU.Build.0 = Release|Any CPU
		{232DF7D1-C0C0-4B24-BA80-2CE41ED6A860}.Release|x64.ActiveCfg = Release|Any CPU
		{232DF7D1-C0C0-4B24-BA80-2CE41ED6A860}.Release|x64.Build.0 = Release|Any CPU
		{232DF7D1-C0C0-4B24-BA80-2CE41ED6A860}.Release|x86.ActiveCfg = Release|Any CPU
		{232DF7D1-C0C0-4B24-BA80-2CE41ED6A860}.Release|x86.Build.0 = Release|Any CPU
		{232DF7D1-C0C0-4B24-BA80-2CE41ED6A860}.Release32|Any CPU.ActiveCfg = Release|Any CPU
		{232DF7D1-C0C0-4B24-BA80-2CE41ED6A860}.Release32|Any CPU.Build.0 = Release|Any CPU
		{232DF7D1-C0C0-4B24-BA80-2CE41ED6A860}.Release32|x64.ActiveCfg = Release|Any CPU
		{232DF7D1-C0C0-4B24-BA80-2CE41ED6A860}.Release32|x64.Build.0 = Release|Any CPU
		{232DF7D1-C0C0-4B24-BA80-2CE41ED6A860}.Release32|x86.ActiveCfg = Release|Any CPU
		{232DF7D1-C0C0-4B24-BA80-2CE41ED6A860}.Release32|x86.Build.0 = Release|Any CPU
		{232DF7D1-C0C0-4B24-BA80-2CE41ED6A860}.Release64|Any CPU.ActiveCfg = Release|Any CPU
		{232DF7D1-C0C0-4B24-BA80-2CE41ED6A860}.Release64|Any CPU.Build.0 = Release|Any CPU
		{232DF7D1-C0C0-4B24-BA80-2CE41ED6A860}.Release64|x64.ActiveCfg = Release|Any CPU
		{232DF7D1-C0C0-4B24-BA80-2CE41ED6A860}.Release64|x64.Build.0 = Release|Any CPU
		{232DF7D1-C0C0-4B24-BA80-2CE41ED6A860}.Release64|x86.ActiveCfg = Release|Any CPU
		{232DF7D1-C0C0-4B24-BA80-2CE41ED6A860}.Release64|x86.Build.0 = Release|Any CPU
		{232DF7D1-C0C0-4B24-BA80-2CE41ED6A860}.Setup|Any CPU.ActiveCfg = Release|Any CPU
		{232DF7D1-C0C0-4B24-BA80-2CE41ED6A860}.Setup|Any CPU.Build.0 = Release|Any CPU
		{232DF7D1-C0C0-4B24-BA80-2CE41ED6A860}.Setup|x64.ActiveCfg = Release|Any CPU
		{232DF7D1-C0C0-4B24-BA80-2CE41ED6A860}.Setup|x64.Build.0 = Release|Any CPU
		{232DF7D1-C0C0-4B24-BA80-2CE41ED6A860}.Setup|x86.ActiveCfg = Release|Any CPU
		{232DF7D1-C0C0-4B24-BA80-2CE41ED6A860}.Setup|x86.Build.0 = Release|Any CPU
		{232DF7D1-C0C0-4B24-BA80-2CE41ED6A860}.Setup32|Any CPU.ActiveCfg = Release|Any CPU
		{232DF7D1-C0C0-4B24-BA80-2CE41ED6A860}.Setup32|Any CPU.Build.0 = Release|Any CPU
		{232DF7D1-C0C0-4B24-BA80-2CE41ED6A860}.Setup32|x64.ActiveCfg = Release|Any CPU
		{232DF7D1-C0C0-4B24-BA80-2CE41ED6A860}.Setup32|x64.Build.0 = Release|Any CPU
		{232DF7D1-C0C0-4B24-BA80-2CE41ED6A860}.Setup32|x86.ActiveCfg = Release|Any CPU
		{232DF7D1-C0C0-4B24-BA80-2CE41ED6A860}.Setup32|x86.Build.0 = Release|Any CPU
		{4D045F5F-A26B-4E82-B3D6-E075A177B0C6}.Debug|Any CPU.ActiveCfg = Debug|Any CPU
		{4D045F5F-A26B-4E82-B3D6-E075A177B0C6}.Debug|Any CPU.Build.0 = Debug|Any CPU
		{4D045F5F-A26B-4E82-B3D6-E075A177B0C6}.Debug|x64.ActiveCfg = Debug|Any CPU
		{4D045F5F-A26B-4E82-B3D6-E075A177B0C6}.Debug|x64.Build.0 = Debug|Any CPU
		{4D045F5F-A26B-4E82-B3D6-E075A177B0C6}.Debug|x86.ActiveCfg = Debug|Any CPU
		{4D045F5F-A26B-4E82-B3D6-E075A177B0C6}.Debug|x86.Build.0 = Debug|Any CPU
		{4D045F5F-A26B-4E82-B3D6-E075A177B0C6}.Debug32|Any CPU.ActiveCfg = Debug|Any CPU
		{4D045F5F-A26B-4E82-B3D6-E075A177B0C6}.Debug32|Any CPU.Build.0 = Debug|Any CPU
		{4D045F5F-A26B-4E82-B3D6-E075A177B0C6}.Debug32|x64.ActiveCfg = Debug|Any CPU
		{4D045F5F-A26B-4E82-B3D6-E075A177B0C6}.Debug32|x64.Build.0 = Debug|Any CPU
		{4D045F5F-A26B-4E82-B3D6-E075A177B0C6}.Debug32|x86.ActiveCfg = Debug|Any CPU
		{4D045F5F-A26B-4E82-B3D6-E075A177B0C6}.Debug32|x86.Build.0 = Debug|Any CPU
		{4D045F5F-A26B-4E82-B3D6-E075A177B0C6}.Release|Any CPU.ActiveCfg = Release|Any CPU
		{4D045F5F-A26B-4E82-B3D6-E075A177B0C6}.Release|Any CPU.Build.0 = Release|Any CPU
		{4D045F5F-A26B-4E82-B3D6-E075A177B0C6}.Release|x64.ActiveCfg = Release|Any CPU
		{4D045F5F-A26B-4E82-B3D6-E075A177B0C6}.Release|x64.Build.0 = Release|Any CPU
		{4D045F5F-A26B-4E82-B3D6-E075A177B0C6}.Release|x86.ActiveCfg = Release|Any CPU
		{4D045F5F-A26B-4E82-B3D6-E075A177B0C6}.Release|x86.Build.0 = Release|Any CPU
		{4D045F5F-A26B-4E82-B3D6-E075A177B0C6}.Release32|Any CPU.ActiveCfg = Release64|Any CPU
		{4D045F5F-A26B-4E82-B3D6-E075A177B0C6}.Release32|Any CPU.Build.0 = Release64|Any CPU
		{4D045F5F-A26B-4E82-B3D6-E075A177B0C6}.Release32|x64.ActiveCfg = Release64|Any CPU
		{4D045F5F-A26B-4E82-B3D6-E075A177B0C6}.Release32|x64.Build.0 = Release64|Any CPU
		{4D045F5F-A26B-4E82-B3D6-E075A177B0C6}.Release32|x86.ActiveCfg = Release64|Any CPU
		{4D045F5F-A26B-4E82-B3D6-E075A177B0C6}.Release32|x86.Build.0 = Release64|Any CPU
		{4D045F5F-A26B-4E82-B3D6-E075A177B0C6}.Release64|Any CPU.ActiveCfg = Release64|Any CPU
		{4D045F5F-A26B-4E82-B3D6-E075A177B0C6}.Release64|Any CPU.Build.0 = Release64|Any CPU
		{4D045F5F-A26B-4E82-B3D6-E075A177B0C6}.Release64|x64.ActiveCfg = Release64|Any CPU
		{4D045F5F-A26B-4E82-B3D6-E075A177B0C6}.Release64|x64.Build.0 = Release64|Any CPU
		{4D045F5F-A26B-4E82-B3D6-E075A177B0C6}.Release64|x86.ActiveCfg = Release64|Any CPU
		{4D045F5F-A26B-4E82-B3D6-E075A177B0C6}.Release64|x86.Build.0 = Release64|Any CPU
		{4D045F5F-A26B-4E82-B3D6-E075A177B0C6}.Setup|Any CPU.ActiveCfg = Release64|Any CPU
		{4D045F5F-A26B-4E82-B3D6-E075A177B0C6}.Setup|Any CPU.Build.0 = Release64|Any CPU
		{4D045F5F-A26B-4E82-B3D6-E075A177B0C6}.Setup|x64.ActiveCfg = Release64|Any CPU
		{4D045F5F-A26B-4E82-B3D6-E075A177B0C6}.Setup|x64.Build.0 = Release64|Any CPU
		{4D045F5F-A26B-4E82-B3D6-E075A177B0C6}.Setup|x86.ActiveCfg = Release64|Any CPU
		{4D045F5F-A26B-4E82-B3D6-E075A177B0C6}.Setup|x86.Build.0 = Release64|Any CPU
		{4D045F5F-A26B-4E82-B3D6-E075A177B0C6}.Setup32|Any CPU.ActiveCfg = Release64|Any CPU
		{4D045F5F-A26B-4E82-B3D6-E075A177B0C6}.Setup32|Any CPU.Build.0 = Release64|Any CPU
		{4D045F5F-A26B-4E82-B3D6-E075A177B0C6}.Setup32|x64.ActiveCfg = Release64|Any CPU
		{4D045F5F-A26B-4E82-B3D6-E075A177B0C6}.Setup32|x64.Build.0 = Release64|Any CPU
		{4D045F5F-A26B-4E82-B3D6-E075A177B0C6}.Setup32|x86.ActiveCfg = Release64|Any CPU
		{4D045F5F-A26B-4E82-B3D6-E075A177B0C6}.Setup32|x86.Build.0 = Release64|Any CPU
		{1955BBEB-33F3-4E9C-8FEE-AEF1F90F2E7E}.Debug|Any CPU.ActiveCfg = Debug|Any CPU
		{1955BBEB-33F3-4E9C-8FEE-AEF1F90F2E7E}.Debug|Any CPU.Build.0 = Debug|Any CPU
		{1955BBEB-33F3-4E9C-8FEE-AEF1F90F2E7E}.Debug|x64.ActiveCfg = Debug|Any CPU
		{1955BBEB-33F3-4E9C-8FEE-AEF1F90F2E7E}.Debug|x64.Build.0 = Debug|Any CPU
		{1955BBEB-33F3-4E9C-8FEE-AEF1F90F2E7E}.Debug|x86.ActiveCfg = Debug|Any CPU
		{1955BBEB-33F3-4E9C-8FEE-AEF1F90F2E7E}.Debug|x86.Build.0 = Debug|Any CPU
		{1955BBEB-33F3-4E9C-8FEE-AEF1F90F2E7E}.Debug32|Any CPU.ActiveCfg = Debug|Any CPU
		{1955BBEB-33F3-4E9C-8FEE-AEF1F90F2E7E}.Debug32|Any CPU.Build.0 = Debug|Any CPU
		{1955BBEB-33F3-4E9C-8FEE-AEF1F90F2E7E}.Debug32|x64.ActiveCfg = Debug|Any CPU
		{1955BBEB-33F3-4E9C-8FEE-AEF1F90F2E7E}.Debug32|x64.Build.0 = Debug|Any CPU
		{1955BBEB-33F3-4E9C-8FEE-AEF1F90F2E7E}.Debug32|x86.ActiveCfg = Debug|Any CPU
		{1955BBEB-33F3-4E9C-8FEE-AEF1F90F2E7E}.Debug32|x86.Build.0 = Debug|Any CPU
		{1955BBEB-33F3-4E9C-8FEE-AEF1F90F2E7E}.Release|Any CPU.ActiveCfg = Release|Any CPU
		{1955BBEB-33F3-4E9C-8FEE-AEF1F90F2E7E}.Release|Any CPU.Build.0 = Release|Any CPU
		{1955BBEB-33F3-4E9C-8FEE-AEF1F90F2E7E}.Release|x64.ActiveCfg = Release|Any CPU
		{1955BBEB-33F3-4E9C-8FEE-AEF1F90F2E7E}.Release|x64.Build.0 = Release|Any CPU
		{1955BBEB-33F3-4E9C-8FEE-AEF1F90F2E7E}.Release|x86.ActiveCfg = Release|Any CPU
		{1955BBEB-33F3-4E9C-8FEE-AEF1F90F2E7E}.Release|x86.Build.0 = Release|Any CPU
		{1955BBEB-33F3-4E9C-8FEE-AEF1F90F2E7E}.Release32|Any CPU.ActiveCfg = Release|Any CPU
		{1955BBEB-33F3-4E9C-8FEE-AEF1F90F2E7E}.Release32|Any CPU.Build.0 = Release|Any CPU
		{1955BBEB-33F3-4E9C-8FEE-AEF1F90F2E7E}.Release32|x64.ActiveCfg = Release|Any CPU
		{1955BBEB-33F3-4E9C-8FEE-AEF1F90F2E7E}.Release32|x64.Build.0 = Release|Any CPU
		{1955BBEB-33F3-4E9C-8FEE-AEF1F90F2E7E}.Release32|x86.ActiveCfg = Release|Any CPU
		{1955BBEB-33F3-4E9C-8FEE-AEF1F90F2E7E}.Release32|x86.Build.0 = Release|Any CPU
		{1955BBEB-33F3-4E9C-8FEE-AEF1F90F2E7E}.Release64|Any CPU.ActiveCfg = Release|Any CPU
		{1955BBEB-33F3-4E9C-8FEE-AEF1F90F2E7E}.Release64|Any CPU.Build.0 = Release|Any CPU
		{1955BBEB-33F3-4E9C-8FEE-AEF1F90F2E7E}.Release64|x64.ActiveCfg = Release|Any CPU
		{1955BBEB-33F3-4E9C-8FEE-AEF1F90F2E7E}.Release64|x64.Build.0 = Release|Any CPU
		{1955BBEB-33F3-4E9C-8FEE-AEF1F90F2E7E}.Release64|x86.ActiveCfg = Release|Any CPU
		{1955BBEB-33F3-4E9C-8FEE-AEF1F90F2E7E}.Release64|x86.Build.0 = Release|Any CPU
		{1955BBEB-33F3-4E9C-8FEE-AEF1F90F2E7E}.Setup|Any CPU.ActiveCfg = Release|Any CPU
		{1955BBEB-33F3-4E9C-8FEE-AEF1F90F2E7E}.Setup|Any CPU.Build.0 = Release|Any CPU
		{1955BBEB-33F3-4E9C-8FEE-AEF1F90F2E7E}.Setup|x64.ActiveCfg = Release|Any CPU
		{1955BBEB-33F3-4E9C-8FEE-AEF1F90F2E7E}.Setup|x64.Build.0 = Release|Any CPU
		{1955BBEB-33F3-4E9C-8FEE-AEF1F90F2E7E}.Setup|x86.ActiveCfg = Release|Any CPU
		{1955BBEB-33F3-4E9C-8FEE-AEF1F90F2E7E}.Setup|x86.Build.0 = Release|Any CPU
		{1955BBEB-33F3-4E9C-8FEE-AEF1F90F2E7E}.Setup32|Any CPU.ActiveCfg = Release|Any CPU
		{1955BBEB-33F3-4E9C-8FEE-AEF1F90F2E7E}.Setup32|Any CPU.Build.0 = Release|Any CPU
		{1955BBEB-33F3-4E9C-8FEE-AEF1F90F2E7E}.Setup32|x64.ActiveCfg = Release|Any CPU
		{1955BBEB-33F3-4E9C-8FEE-AEF1F90F2E7E}.Setup32|x64.Build.0 = Release|Any CPU
		{1955BBEB-33F3-4E9C-8FEE-AEF1F90F2E7E}.Setup32|x86.ActiveCfg = Release|Any CPU
		{1955BBEB-33F3-4E9C-8FEE-AEF1F90F2E7E}.Setup32|x86.Build.0 = Release|Any CPU
		{431038B0-422E-442F-BC6B-CA595E64D1F7}.Debug|Any CPU.ActiveCfg = Debug|Any CPU
		{431038B0-422E-442F-BC6B-CA595E64D1F7}.Debug|Any CPU.Build.0 = Debug|Any CPU
		{431038B0-422E-442F-BC6B-CA595E64D1F7}.Debug|x64.ActiveCfg = Debug|Any CPU
		{431038B0-422E-442F-BC6B-CA595E64D1F7}.Debug|x64.Build.0 = Debug|Any CPU
		{431038B0-422E-442F-BC6B-CA595E64D1F7}.Debug|x86.ActiveCfg = Debug|Any CPU
		{431038B0-422E-442F-BC6B-CA595E64D1F7}.Debug|x86.Build.0 = Debug|Any CPU
		{431038B0-422E-442F-BC6B-CA595E64D1F7}.Debug32|Any CPU.ActiveCfg = Debug|Any CPU
		{431038B0-422E-442F-BC6B-CA595E64D1F7}.Debug32|Any CPU.Build.0 = Debug|Any CPU
		{431038B0-422E-442F-BC6B-CA595E64D1F7}.Debug32|x64.ActiveCfg = Debug|Any CPU
		{431038B0-422E-442F-BC6B-CA595E64D1F7}.Debug32|x64.Build.0 = Debug|Any CPU
		{431038B0-422E-442F-BC6B-CA595E64D1F7}.Debug32|x86.ActiveCfg = Debug|Any CPU
		{431038B0-422E-442F-BC6B-CA595E64D1F7}.Debug32|x86.Build.0 = Debug|Any CPU
		{431038B0-422E-442F-BC6B-CA595E64D1F7}.Release|Any CPU.ActiveCfg = Release|Any CPU
		{431038B0-422E-442F-BC6B-CA595E64D1F7}.Release|Any CPU.Build.0 = Release|Any CPU
		{431038B0-422E-442F-BC6B-CA595E64D1F7}.Release|x64.ActiveCfg = Release|Any CPU
		{431038B0-422E-442F-BC6B-CA595E64D1F7}.Release|x64.Build.0 = Release|Any CPU
		{431038B0-422E-442F-BC6B-CA595E64D1F7}.Release|x86.ActiveCfg = Release|Any CPU
		{431038B0-422E-442F-BC6B-CA595E64D1F7}.Release|x86.Build.0 = Release|Any CPU
		{431038B0-422E-442F-BC6B-CA595E64D1F7}.Release32|Any CPU.ActiveCfg = Release64|Any CPU
		{431038B0-422E-442F-BC6B-CA595E64D1F7}.Release32|Any CPU.Build.0 = Release64|Any CPU
		{431038B0-422E-442F-BC6B-CA595E64D1F7}.Release32|x64.ActiveCfg = Release64|Any CPU
		{431038B0-422E-442F-BC6B-CA595E64D1F7}.Release32|x64.Build.0 = Release64|Any CPU
		{431038B0-422E-442F-BC6B-CA595E64D1F7}.Release32|x86.ActiveCfg = Release64|Any CPU
		{431038B0-422E-442F-BC6B-CA595E64D1F7}.Release32|x86.Build.0 = Release64|Any CPU
		{431038B0-422E-442F-BC6B-CA595E64D1F7}.Release64|Any CPU.ActiveCfg = Release64|Any CPU
		{431038B0-422E-442F-BC6B-CA595E64D1F7}.Release64|Any CPU.Build.0 = Release64|Any CPU
		{431038B0-422E-442F-BC6B-CA595E64D1F7}.Release64|x64.ActiveCfg = Release64|Any CPU
		{431038B0-422E-442F-BC6B-CA595E64D1F7}.Release64|x64.Build.0 = Release64|Any CPU
		{431038B0-422E-442F-BC6B-CA595E64D1F7}.Release64|x86.ActiveCfg = Release64|Any CPU
		{431038B0-422E-442F-BC6B-CA595E64D1F7}.Release64|x86.Build.0 = Release64|Any CPU
		{431038B0-422E-442F-BC6B-CA595E64D1F7}.Setup|Any CPU.ActiveCfg = Release64|Any CPU
		{431038B0-422E-442F-BC6B-CA595E64D1F7}.Setup|Any CPU.Build.0 = Release64|Any CPU
		{431038B0-422E-442F-BC6B-CA595E64D1F7}.Setup|x64.ActiveCfg = Release64|Any CPU
		{431038B0-422E-442F-BC6B-CA595E64D1F7}.Setup|x64.Build.0 = Release64|Any CPU
		{431038B0-422E-442F-BC6B-CA595E64D1F7}.Setup|x86.ActiveCfg = Release64|Any CPU
		{431038B0-422E-442F-BC6B-CA595E64D1F7}.Setup|x86.Build.0 = Release64|Any CPU
		{431038B0-422E-442F-BC6B-CA595E64D1F7}.Setup32|Any CPU.ActiveCfg = Release64|Any CPU
		{431038B0-422E-442F-BC6B-CA595E64D1F7}.Setup32|Any CPU.Build.0 = Release64|Any CPU
		{431038B0-422E-442F-BC6B-CA595E64D1F7}.Setup32|x64.ActiveCfg = Release64|Any CPU
		{431038B0-422E-442F-BC6B-CA595E64D1F7}.Setup32|x64.Build.0 = Release64|Any CPU
		{431038B0-422E-442F-BC6B-CA595E64D1F7}.Setup32|x86.ActiveCfg = Release64|Any CPU
		{431038B0-422E-442F-BC6B-CA595E64D1F7}.Setup32|x86.Build.0 = Release64|Any CPU
		{2C214CD4-D9D9-4470-A8FC-0C4D69370EA7}.Debug|Any CPU.ActiveCfg = Debug|Any CPU
		{2C214CD4-D9D9-4470-A8FC-0C4D69370EA7}.Debug|Any CPU.Build.0 = Debug|Any CPU
		{2C214CD4-D9D9-4470-A8FC-0C4D69370EA7}.Debug|x64.ActiveCfg = Debug|Any CPU
		{2C214CD4-D9D9-4470-A8FC-0C4D69370EA7}.Debug|x64.Build.0 = Debug|Any CPU
		{2C214CD4-D9D9-4470-A8FC-0C4D69370EA7}.Debug|x86.ActiveCfg = Debug|Any CPU
		{2C214CD4-D9D9-4470-A8FC-0C4D69370EA7}.Debug|x86.Build.0 = Debug|Any CPU
		{2C214CD4-D9D9-4470-A8FC-0C4D69370EA7}.Debug32|Any CPU.ActiveCfg = Debug|Any CPU
		{2C214CD4-D9D9-4470-A8FC-0C4D69370EA7}.Debug32|Any CPU.Build.0 = Debug|Any CPU
		{2C214CD4-D9D9-4470-A8FC-0C4D69370EA7}.Debug32|x64.ActiveCfg = Debug|Any CPU
		{2C214CD4-D9D9-4470-A8FC-0C4D69370EA7}.Debug32|x64.Build.0 = Debug|Any CPU
		{2C214CD4-D9D9-4470-A8FC-0C4D69370EA7}.Debug32|x86.ActiveCfg = Debug|Any CPU
		{2C214CD4-D9D9-4470-A8FC-0C4D69370EA7}.Debug32|x86.Build.0 = Debug|Any CPU
		{2C214CD4-D9D9-4470-A8FC-0C4D69370EA7}.Release|Any CPU.ActiveCfg = Release|Any CPU
		{2C214CD4-D9D9-4470-A8FC-0C4D69370EA7}.Release|Any CPU.Build.0 = Release|Any CPU
		{2C214CD4-D9D9-4470-A8FC-0C4D69370EA7}.Release|x64.ActiveCfg = Release|Any CPU
		{2C214CD4-D9D9-4470-A8FC-0C4D69370EA7}.Release|x64.Build.0 = Release|Any CPU
		{2C214CD4-D9D9-4470-A8FC-0C4D69370EA7}.Release|x86.ActiveCfg = Release|Any CPU
		{2C214CD4-D9D9-4470-A8FC-0C4D69370EA7}.Release|x86.Build.0 = Release|Any CPU
		{2C214CD4-D9D9-4470-A8FC-0C4D69370EA7}.Release32|Any CPU.ActiveCfg = Release64|Any CPU
		{2C214CD4-D9D9-4470-A8FC-0C4D69370EA7}.Release32|Any CPU.Build.0 = Release64|Any CPU
		{2C214CD4-D9D9-4470-A8FC-0C4D69370EA7}.Release32|x64.ActiveCfg = Release64|Any CPU
		{2C214CD4-D9D9-4470-A8FC-0C4D69370EA7}.Release32|x64.Build.0 = Release64|Any CPU
		{2C214CD4-D9D9-4470-A8FC-0C4D69370EA7}.Release32|x86.ActiveCfg = Release64|Any CPU
		{2C214CD4-D9D9-4470-A8FC-0C4D69370EA7}.Release32|x86.Build.0 = Release64|Any CPU
		{2C214CD4-D9D9-4470-A8FC-0C4D69370EA7}.Release64|Any CPU.ActiveCfg = Release64|Any CPU
		{2C214CD4-D9D9-4470-A8FC-0C4D69370EA7}.Release64|Any CPU.Build.0 = Release64|Any CPU
		{2C214CD4-D9D9-4470-A8FC-0C4D69370EA7}.Release64|x64.ActiveCfg = Release64|Any CPU
		{2C214CD4-D9D9-4470-A8FC-0C4D69370EA7}.Release64|x64.Build.0 = Release64|Any CPU
		{2C214CD4-D9D9-4470-A8FC-0C4D69370EA7}.Release64|x86.ActiveCfg = Release64|Any CPU
		{2C214CD4-D9D9-4470-A8FC-0C4D69370EA7}.Release64|x86.Build.0 = Release64|Any CPU
		{2C214CD4-D9D9-4470-A8FC-0C4D69370EA7}.Setup|Any CPU.ActiveCfg = Release64|Any CPU
		{2C214CD4-D9D9-4470-A8FC-0C4D69370EA7}.Setup|Any CPU.Build.0 = Release64|Any CPU
		{2C214CD4-D9D9-4470-A8FC-0C4D69370EA7}.Setup|x64.ActiveCfg = Release64|Any CPU
		{2C214CD4-D9D9-4470-A8FC-0C4D69370EA7}.Setup|x64.Build.0 = Release64|Any CPU
		{2C214CD4-D9D9-4470-A8FC-0C4D69370EA7}.Setup|x86.ActiveCfg = Release64|Any CPU
		{2C214CD4-D9D9-4470-A8FC-0C4D69370EA7}.Setup|x86.Build.0 = Release64|Any CPU
		{2C214CD4-D9D9-4470-A8FC-0C4D69370EA7}.Setup32|Any CPU.ActiveCfg = Release64|Any CPU
		{2C214CD4-D9D9-4470-A8FC-0C4D69370EA7}.Setup32|Any CPU.Build.0 = Release64|Any CPU
		{2C214CD4-D9D9-4470-A8FC-0C4D69370EA7}.Setup32|x64.ActiveCfg = Release64|Any CPU
		{2C214CD4-D9D9-4470-A8FC-0C4D69370EA7}.Setup32|x64.Build.0 = Release64|Any CPU
		{2C214CD4-D9D9-4470-A8FC-0C4D69370EA7}.Setup32|x86.ActiveCfg = Release64|Any CPU
		{2C214CD4-D9D9-4470-A8FC-0C4D69370EA7}.Setup32|x86.Build.0 = Release64|Any CPU
		{993AEFBB-41C6-49C1-AECF-2C5FD0583D4B}.Debug|Any CPU.ActiveCfg = Debug|Any CPU
		{993AEFBB-41C6-49C1-AECF-2C5FD0583D4B}.Debug|Any CPU.Build.0 = Debug|Any CPU
		{993AEFBB-41C6-49C1-AECF-2C5FD0583D4B}.Debug|x64.ActiveCfg = Debug|Any CPU
		{993AEFBB-41C6-49C1-AECF-2C5FD0583D4B}.Debug|x64.Build.0 = Debug|Any CPU
		{993AEFBB-41C6-49C1-AECF-2C5FD0583D4B}.Debug|x86.ActiveCfg = Debug|Any CPU
		{993AEFBB-41C6-49C1-AECF-2C5FD0583D4B}.Debug|x86.Build.0 = Debug|Any CPU
		{993AEFBB-41C6-49C1-AECF-2C5FD0583D4B}.Debug32|Any CPU.ActiveCfg = Debug|Any CPU
		{993AEFBB-41C6-49C1-AECF-2C5FD0583D4B}.Debug32|Any CPU.Build.0 = Debug|Any CPU
		{993AEFBB-41C6-49C1-AECF-2C5FD0583D4B}.Debug32|x64.ActiveCfg = Debug|Any CPU
		{993AEFBB-41C6-49C1-AECF-2C5FD0583D4B}.Debug32|x64.Build.0 = Debug|Any CPU
		{993AEFBB-41C6-49C1-AECF-2C5FD0583D4B}.Debug32|x86.ActiveCfg = Debug|Any CPU
		{993AEFBB-41C6-49C1-AECF-2C5FD0583D4B}.Debug32|x86.Build.0 = Debug|Any CPU
		{993AEFBB-41C6-49C1-AECF-2C5FD0583D4B}.Release|Any CPU.ActiveCfg = Release|Any CPU
		{993AEFBB-41C6-49C1-AECF-2C5FD0583D4B}.Release|Any CPU.Build.0 = Release|Any CPU
		{993AEFBB-41C6-49C1-AECF-2C5FD0583D4B}.Release|x64.ActiveCfg = Release|Any CPU
		{993AEFBB-41C6-49C1-AECF-2C5FD0583D4B}.Release|x64.Build.0 = Release|Any CPU
		{993AEFBB-41C6-49C1-AECF-2C5FD0583D4B}.Release|x86.ActiveCfg = Release|Any CPU
		{993AEFBB-41C6-49C1-AECF-2C5FD0583D4B}.Release|x86.Build.0 = Release|Any CPU
		{993AEFBB-41C6-49C1-AECF-2C5FD0583D4B}.Release32|Any CPU.ActiveCfg = Release|Any CPU
		{993AEFBB-41C6-49C1-AECF-2C5FD0583D4B}.Release32|Any CPU.Build.0 = Release|Any CPU
		{993AEFBB-41C6-49C1-AECF-2C5FD0583D4B}.Release32|x64.ActiveCfg = Release|Any CPU
		{993AEFBB-41C6-49C1-AECF-2C5FD0583D4B}.Release32|x64.Build.0 = Release|Any CPU
		{993AEFBB-41C6-49C1-AECF-2C5FD0583D4B}.Release32|x86.ActiveCfg = Release|Any CPU
		{993AEFBB-41C6-49C1-AECF-2C5FD0583D4B}.Release32|x86.Build.0 = Release|Any CPU
		{993AEFBB-41C6-49C1-AECF-2C5FD0583D4B}.Release64|Any CPU.ActiveCfg = Release|Any CPU
		{993AEFBB-41C6-49C1-AECF-2C5FD0583D4B}.Release64|Any CPU.Build.0 = Release|Any CPU
		{993AEFBB-41C6-49C1-AECF-2C5FD0583D4B}.Release64|x64.ActiveCfg = Release|Any CPU
		{993AEFBB-41C6-49C1-AECF-2C5FD0583D4B}.Release64|x64.Build.0 = Release|Any CPU
		{993AEFBB-41C6-49C1-AECF-2C5FD0583D4B}.Release64|x86.ActiveCfg = Release|Any CPU
		{993AEFBB-41C6-49C1-AECF-2C5FD0583D4B}.Release64|x86.Build.0 = Release|Any CPU
		{993AEFBB-41C6-49C1-AECF-2C5FD0583D4B}.Setup|Any CPU.ActiveCfg = Release|Any CPU
		{993AEFBB-41C6-49C1-AECF-2C5FD0583D4B}.Setup|Any CPU.Build.0 = Release|Any CPU
		{993AEFBB-41C6-49C1-AECF-2C5FD0583D4B}.Setup|x64.ActiveCfg = Release|Any CPU
		{993AEFBB-41C6-49C1-AECF-2C5FD0583D4B}.Setup|x64.Build.0 = Release|Any CPU
		{993AEFBB-41C6-49C1-AECF-2C5FD0583D4B}.Setup|x86.ActiveCfg = Release|Any CPU
		{993AEFBB-41C6-49C1-AECF-2C5FD0583D4B}.Setup|x86.Build.0 = Release|Any CPU
		{993AEFBB-41C6-49C1-AECF-2C5FD0583D4B}.Setup32|Any CPU.ActiveCfg = Release|Any CPU
		{993AEFBB-41C6-49C1-AECF-2C5FD0583D4B}.Setup32|Any CPU.Build.0 = Release|Any CPU
		{993AEFBB-41C6-49C1-AECF-2C5FD0583D4B}.Setup32|x64.ActiveCfg = Release|Any CPU
		{993AEFBB-41C6-49C1-AECF-2C5FD0583D4B}.Setup32|x64.Build.0 = Release|Any CPU
		{993AEFBB-41C6-49C1-AECF-2C5FD0583D4B}.Setup32|x86.ActiveCfg = Release|Any CPU
		{993AEFBB-41C6-49C1-AECF-2C5FD0583D4B}.Setup32|x86.Build.0 = Release|Any CPU
		{4F225861-6E1B-41DD-9340-F646468CD52B}.Debug|Any CPU.ActiveCfg = Debug|Any CPU
		{4F225861-6E1B-41DD-9340-F646468CD52B}.Debug|Any CPU.Build.0 = Debug|Any CPU
		{4F225861-6E1B-41DD-9340-F646468CD52B}.Debug|x64.ActiveCfg = Debug|Any CPU
		{4F225861-6E1B-41DD-9340-F646468CD52B}.Debug|x64.Build.0 = Debug|Any CPU
		{4F225861-6E1B-41DD-9340-F646468CD52B}.Debug|x86.ActiveCfg = Debug|Any CPU
		{4F225861-6E1B-41DD-9340-F646468CD52B}.Debug|x86.Build.0 = Debug|Any CPU
		{4F225861-6E1B-41DD-9340-F646468CD52B}.Debug32|Any CPU.ActiveCfg = Debug|Any CPU
		{4F225861-6E1B-41DD-9340-F646468CD52B}.Debug32|Any CPU.Build.0 = Debug|Any CPU
		{4F225861-6E1B-41DD-9340-F646468CD52B}.Debug32|x64.ActiveCfg = Debug|Any CPU
		{4F225861-6E1B-41DD-9340-F646468CD52B}.Debug32|x64.Build.0 = Debug|Any CPU
		{4F225861-6E1B-41DD-9340-F646468CD52B}.Debug32|x86.ActiveCfg = Debug|Any CPU
		{4F225861-6E1B-41DD-9340-F646468CD52B}.Debug32|x86.Build.0 = Debug|Any CPU
		{4F225861-6E1B-41DD-9340-F646468CD52B}.Release|Any CPU.ActiveCfg = Release|Any CPU
		{4F225861-6E1B-41DD-9340-F646468CD52B}.Release|Any CPU.Build.0 = Release|Any CPU
		{4F225861-6E1B-41DD-9340-F646468CD52B}.Release|x64.ActiveCfg = Release|Any CPU
		{4F225861-6E1B-41DD-9340-F646468CD52B}.Release|x64.Build.0 = Release|Any CPU
		{4F225861-6E1B-41DD-9340-F646468CD52B}.Release|x86.ActiveCfg = Release|Any CPU
		{4F225861-6E1B-41DD-9340-F646468CD52B}.Release|x86.Build.0 = Release|Any CPU
		{4F225861-6E1B-41DD-9340-F646468CD52B}.Release32|Any CPU.ActiveCfg = Release|Any CPU
		{4F225861-6E1B-41DD-9340-F646468CD52B}.Release32|Any CPU.Build.0 = Release|Any CPU
		{4F225861-6E1B-41DD-9340-F646468CD52B}.Release32|x64.ActiveCfg = Release|Any CPU
		{4F225861-6E1B-41DD-9340-F646468CD52B}.Release32|x64.Build.0 = Release|Any CPU
		{4F225861-6E1B-41DD-9340-F646468CD52B}.Release32|x86.ActiveCfg = Release|Any CPU
		{4F225861-6E1B-41DD-9340-F646468CD52B}.Release32|x86.Build.0 = Release|Any CPU
		{4F225861-6E1B-41DD-9340-F646468CD52B}.Release64|Any CPU.ActiveCfg = Release|Any CPU
		{4F225861-6E1B-41DD-9340-F646468CD52B}.Release64|Any CPU.Build.0 = Release|Any CPU
		{4F225861-6E1B-41DD-9340-F646468CD52B}.Release64|x64.ActiveCfg = Release|Any CPU
		{4F225861-6E1B-41DD-9340-F646468CD52B}.Release64|x64.Build.0 = Release|Any CPU
		{4F225861-6E1B-41DD-9340-F646468CD52B}.Release64|x86.ActiveCfg = Release|Any CPU
		{4F225861-6E1B-41DD-9340-F646468CD52B}.Release64|x86.Build.0 = Release|Any CPU
		{4F225861-6E1B-41DD-9340-F646468CD52B}.Setup|Any CPU.ActiveCfg = Release|Any CPU
		{4F225861-6E1B-41DD-9340-F646468CD52B}.Setup|Any CPU.Build.0 = Release|Any CPU
		{4F225861-6E1B-41DD-9340-F646468CD52B}.Setup|x64.ActiveCfg = Release|Any CPU
		{4F225861-6E1B-41DD-9340-F646468CD52B}.Setup|x64.Build.0 = Release|Any CPU
		{4F225861-6E1B-41DD-9340-F646468CD52B}.Setup|x86.ActiveCfg = Release|Any CPU
		{4F225861-6E1B-41DD-9340-F646468CD52B}.Setup|x86.Build.0 = Release|Any CPU
		{4F225861-6E1B-41DD-9340-F646468CD52B}.Setup32|Any CPU.ActiveCfg = Release|Any CPU
		{4F225861-6E1B-41DD-9340-F646468CD52B}.Setup32|Any CPU.Build.0 = Release|Any CPU
		{4F225861-6E1B-41DD-9340-F646468CD52B}.Setup32|x64.ActiveCfg = Release|Any CPU
		{4F225861-6E1B-41DD-9340-F646468CD52B}.Setup32|x64.Build.0 = Release|Any CPU
		{4F225861-6E1B-41DD-9340-F646468CD52B}.Setup32|x86.ActiveCfg = Release|Any CPU
		{4F225861-6E1B-41DD-9340-F646468CD52B}.Setup32|x86.Build.0 = Release|Any CPU
		{4E7F46B1-72D8-45C9-B168-55CB2ADCA481}.Debug|Any CPU.ActiveCfg = Debug|Any CPU
		{4E7F46B1-72D8-45C9-B168-55CB2ADCA481}.Debug|Any CPU.Build.0 = Debug|Any CPU
		{4E7F46B1-72D8-45C9-B168-55CB2ADCA481}.Debug|x64.ActiveCfg = Debug|Any CPU
		{4E7F46B1-72D8-45C9-B168-55CB2ADCA481}.Debug|x64.Build.0 = Debug|Any CPU
		{4E7F46B1-72D8-45C9-B168-55CB2ADCA481}.Debug|x86.ActiveCfg = Debug|Any CPU
		{4E7F46B1-72D8-45C9-B168-55CB2ADCA481}.Debug|x86.Build.0 = Debug|Any CPU
		{4E7F46B1-72D8-45C9-B168-55CB2ADCA481}.Debug32|Any CPU.ActiveCfg = Debug|Any CPU
		{4E7F46B1-72D8-45C9-B168-55CB2ADCA481}.Debug32|Any CPU.Build.0 = Debug|Any CPU
		{4E7F46B1-72D8-45C9-B168-55CB2ADCA481}.Debug32|x64.ActiveCfg = Debug|Any CPU
		{4E7F46B1-72D8-45C9-B168-55CB2ADCA481}.Debug32|x64.Build.0 = Debug|Any CPU
		{4E7F46B1-72D8-45C9-B168-55CB2ADCA481}.Debug32|x86.ActiveCfg = Debug|Any CPU
		{4E7F46B1-72D8-45C9-B168-55CB2ADCA481}.Debug32|x86.Build.0 = Debug|Any CPU
		{4E7F46B1-72D8-45C9-B168-55CB2ADCA481}.Release|Any CPU.ActiveCfg = Release|Any CPU
		{4E7F46B1-72D8-45C9-B168-55CB2ADCA481}.Release|Any CPU.Build.0 = Release|Any CPU
		{4E7F46B1-72D8-45C9-B168-55CB2ADCA481}.Release|x64.ActiveCfg = Release|Any CPU
		{4E7F46B1-72D8-45C9-B168-55CB2ADCA481}.Release|x64.Build.0 = Release|Any CPU
		{4E7F46B1-72D8-45C9-B168-55CB2ADCA481}.Release|x86.ActiveCfg = Release|Any CPU
		{4E7F46B1-72D8-45C9-B168-55CB2ADCA481}.Release|x86.Build.0 = Release|Any CPU
		{4E7F46B1-72D8-45C9-B168-55CB2ADCA481}.Release32|Any CPU.ActiveCfg = Release|Any CPU
		{4E7F46B1-72D8-45C9-B168-55CB2ADCA481}.Release32|Any CPU.Build.0 = Release|Any CPU
		{4E7F46B1-72D8-45C9-B168-55CB2ADCA481}.Release32|x64.ActiveCfg = Release|Any CPU
		{4E7F46B1-72D8-45C9-B168-55CB2ADCA481}.Release32|x64.Build.0 = Release|Any CPU
		{4E7F46B1-72D8-45C9-B168-55CB2ADCA481}.Release32|x86.ActiveCfg = Release|Any CPU
		{4E7F46B1-72D8-45C9-B168-55CB2ADCA481}.Release32|x86.Build.0 = Release|Any CPU
		{4E7F46B1-72D8-45C9-B168-55CB2ADCA481}.Release64|Any CPU.ActiveCfg = Release|Any CPU
		{4E7F46B1-72D8-45C9-B168-55CB2ADCA481}.Release64|Any CPU.Build.0 = Release|Any CPU
		{4E7F46B1-72D8-45C9-B168-55CB2ADCA481}.Release64|x64.ActiveCfg = Release|Any CPU
		{4E7F46B1-72D8-45C9-B168-55CB2ADCA481}.Release64|x64.Build.0 = Release|Any CPU
		{4E7F46B1-72D8-45C9-B168-55CB2ADCA481}.Release64|x86.ActiveCfg = Release|Any CPU
		{4E7F46B1-72D8-45C9-B168-55CB2ADCA481}.Release64|x86.Build.0 = Release|Any CPU
		{4E7F46B1-72D8-45C9-B168-55CB2ADCA481}.Setup|Any CPU.ActiveCfg = Release|Any CPU
		{4E7F46B1-72D8-45C9-B168-55CB2ADCA481}.Setup|Any CPU.Build.0 = Release|Any CPU
		{4E7F46B1-72D8-45C9-B168-55CB2ADCA481}.Setup|x64.ActiveCfg = Release|Any CPU
		{4E7F46B1-72D8-45C9-B168-55CB2ADCA481}.Setup|x64.Build.0 = Release|Any CPU
		{4E7F46B1-72D8-45C9-B168-55CB2ADCA481}.Setup|x86.ActiveCfg = Release|Any CPU
		{4E7F46B1-72D8-45C9-B168-55CB2ADCA481}.Setup|x86.Build.0 = Release|Any CPU
		{4E7F46B1-72D8-45C9-B168-55CB2ADCA481}.Setup32|Any CPU.ActiveCfg = Release|Any CPU
		{4E7F46B1-72D8-45C9-B168-55CB2ADCA481}.Setup32|Any CPU.Build.0 = Release|Any CPU
		{4E7F46B1-72D8-45C9-B168-55CB2ADCA481}.Setup32|x64.ActiveCfg = Release|Any CPU
		{4E7F46B1-72D8-45C9-B168-55CB2ADCA481}.Setup32|x64.Build.0 = Release|Any CPU
		{4E7F46B1-72D8-45C9-B168-55CB2ADCA481}.Setup32|x86.ActiveCfg = Release|Any CPU
		{4E7F46B1-72D8-45C9-B168-55CB2ADCA481}.Setup32|x86.Build.0 = Release|Any CPU
		{EE80E5EF-E74D-44A1-8D57-10C4152B7EB2}.Debug|Any CPU.ActiveCfg = Debug|Any CPU
		{EE80E5EF-E74D-44A1-8D57-10C4152B7EB2}.Debug|Any CPU.Build.0 = Debug|Any CPU
		{EE80E5EF-E74D-44A1-8D57-10C4152B7EB2}.Debug|x64.ActiveCfg = Debug|Any CPU
		{EE80E5EF-E74D-44A1-8D57-10C4152B7EB2}.Debug|x64.Build.0 = Debug|Any CPU
		{EE80E5EF-E74D-44A1-8D57-10C4152B7EB2}.Debug|x86.ActiveCfg = Debug|Any CPU
		{EE80E5EF-E74D-44A1-8D57-10C4152B7EB2}.Debug|x86.Build.0 = Debug|Any CPU
		{EE80E5EF-E74D-44A1-8D57-10C4152B7EB2}.Debug32|Any CPU.ActiveCfg = Debug|Any CPU
		{EE80E5EF-E74D-44A1-8D57-10C4152B7EB2}.Debug32|Any CPU.Build.0 = Debug|Any CPU
		{EE80E5EF-E74D-44A1-8D57-10C4152B7EB2}.Debug32|x64.ActiveCfg = Debug|Any CPU
		{EE80E5EF-E74D-44A1-8D57-10C4152B7EB2}.Debug32|x64.Build.0 = Debug|Any CPU
		{EE80E5EF-E74D-44A1-8D57-10C4152B7EB2}.Debug32|x86.ActiveCfg = Debug|Any CPU
		{EE80E5EF-E74D-44A1-8D57-10C4152B7EB2}.Debug32|x86.Build.0 = Debug|Any CPU
		{EE80E5EF-E74D-44A1-8D57-10C4152B7EB2}.Release|Any CPU.ActiveCfg = Release|Any CPU
		{EE80E5EF-E74D-44A1-8D57-10C4152B7EB2}.Release|Any CPU.Build.0 = Release|Any CPU
		{EE80E5EF-E74D-44A1-8D57-10C4152B7EB2}.Release|x64.ActiveCfg = Release|Any CPU
		{EE80E5EF-E74D-44A1-8D57-10C4152B7EB2}.Release|x64.Build.0 = Release|Any CPU
		{EE80E5EF-E74D-44A1-8D57-10C4152B7EB2}.Release|x86.ActiveCfg = Release|Any CPU
		{EE80E5EF-E74D-44A1-8D57-10C4152B7EB2}.Release|x86.Build.0 = Release|Any CPU
		{EE80E5EF-E74D-44A1-8D57-10C4152B7EB2}.Release32|Any CPU.ActiveCfg = Release64|Any CPU
		{EE80E5EF-E74D-44A1-8D57-10C4152B7EB2}.Release32|Any CPU.Build.0 = Release64|Any CPU
		{EE80E5EF-E74D-44A1-8D57-10C4152B7EB2}.Release32|x64.ActiveCfg = Release64|Any CPU
		{EE80E5EF-E74D-44A1-8D57-10C4152B7EB2}.Release32|x64.Build.0 = Release64|Any CPU
		{EE80E5EF-E74D-44A1-8D57-10C4152B7EB2}.Release32|x86.ActiveCfg = Release64|Any CPU
		{EE80E5EF-E74D-44A1-8D57-10C4152B7EB2}.Release32|x86.Build.0 = Release64|Any CPU
		{EE80E5EF-E74D-44A1-8D57-10C4152B7EB2}.Release64|Any CPU.ActiveCfg = Release64|Any CPU
		{EE80E5EF-E74D-44A1-8D57-10C4152B7EB2}.Release64|Any CPU.Build.0 = Release64|Any CPU
		{EE80E5EF-E74D-44A1-8D57-10C4152B7EB2}.Release64|x64.ActiveCfg = Release64|Any CPU
		{EE80E5EF-E74D-44A1-8D57-10C4152B7EB2}.Release64|x64.Build.0 = Release64|Any CPU
		{EE80E5EF-E74D-44A1-8D57-10C4152B7EB2}.Release64|x86.ActiveCfg = Release64|Any CPU
		{EE80E5EF-E74D-44A1-8D57-10C4152B7EB2}.Release64|x86.Build.0 = Release64|Any CPU
		{EE80E5EF-E74D-44A1-8D57-10C4152B7EB2}.Setup|Any CPU.ActiveCfg = Release64|Any CPU
		{EE80E5EF-E74D-44A1-8D57-10C4152B7EB2}.Setup|Any CPU.Build.0 = Release64|Any CPU
		{EE80E5EF-E74D-44A1-8D57-10C4152B7EB2}.Setup|x64.ActiveCfg = Release64|Any CPU
		{EE80E5EF-E74D-44A1-8D57-10C4152B7EB2}.Setup|x64.Build.0 = Release64|Any CPU
		{EE80E5EF-E74D-44A1-8D57-10C4152B7EB2}.Setup|x86.ActiveCfg = Release64|Any CPU
		{EE80E5EF-E74D-44A1-8D57-10C4152B7EB2}.Setup|x86.Build.0 = Release64|Any CPU
		{EE80E5EF-E74D-44A1-8D57-10C4152B7EB2}.Setup32|Any CPU.ActiveCfg = Release64|Any CPU
		{EE80E5EF-E74D-44A1-8D57-10C4152B7EB2}.Setup32|Any CPU.Build.0 = Release64|Any CPU
		{EE80E5EF-E74D-44A1-8D57-10C4152B7EB2}.Setup32|x64.ActiveCfg = Release64|Any CPU
		{EE80E5EF-E74D-44A1-8D57-10C4152B7EB2}.Setup32|x64.Build.0 = Release64|Any CPU
		{EE80E5EF-E74D-44A1-8D57-10C4152B7EB2}.Setup32|x86.ActiveCfg = Release64|Any CPU
		{EE80E5EF-E74D-44A1-8D57-10C4152B7EB2}.Setup32|x86.Build.0 = Release64|Any CPU
		{8C8EDA45-82CF-4776-9183-B1952EF92302}.Debug|Any CPU.ActiveCfg = Debug|Any CPU
		{8C8EDA45-82CF-4776-9183-B1952EF92302}.Debug|Any CPU.Build.0 = Debug|Any CPU
		{8C8EDA45-82CF-4776-9183-B1952EF92302}.Debug|x64.ActiveCfg = Debug|Any CPU
		{8C8EDA45-82CF-4776-9183-B1952EF92302}.Debug|x64.Build.0 = Debug|Any CPU
		{8C8EDA45-82CF-4776-9183-B1952EF92302}.Debug|x86.ActiveCfg = Debug|Any CPU
		{8C8EDA45-82CF-4776-9183-B1952EF92302}.Debug|x86.Build.0 = Debug|Any CPU
		{8C8EDA45-82CF-4776-9183-B1952EF92302}.Debug32|Any CPU.ActiveCfg = Debug|Any CPU
		{8C8EDA45-82CF-4776-9183-B1952EF92302}.Debug32|Any CPU.Build.0 = Debug|Any CPU
		{8C8EDA45-82CF-4776-9183-B1952EF92302}.Debug32|x64.ActiveCfg = Debug|Any CPU
		{8C8EDA45-82CF-4776-9183-B1952EF92302}.Debug32|x64.Build.0 = Debug|Any CPU
		{8C8EDA45-82CF-4776-9183-B1952EF92302}.Debug32|x86.ActiveCfg = Debug|Any CPU
		{8C8EDA45-82CF-4776-9183-B1952EF92302}.Debug32|x86.Build.0 = Debug|Any CPU
		{8C8EDA45-82CF-4776-9183-B1952EF92302}.Release|Any CPU.ActiveCfg = Release|Any CPU
		{8C8EDA45-82CF-4776-9183-B1952EF92302}.Release|Any CPU.Build.0 = Release|Any CPU
		{8C8EDA45-82CF-4776-9183-B1952EF92302}.Release|x64.ActiveCfg = Release|Any CPU
		{8C8EDA45-82CF-4776-9183-B1952EF92302}.Release|x64.Build.0 = Release|Any CPU
		{8C8EDA45-82CF-4776-9183-B1952EF92302}.Release|x86.ActiveCfg = Release|Any CPU
		{8C8EDA45-82CF-4776-9183-B1952EF92302}.Release|x86.Build.0 = Release|Any CPU
		{8C8EDA45-82CF-4776-9183-B1952EF92302}.Release32|Any CPU.ActiveCfg = Release64|Any CPU
		{8C8EDA45-82CF-4776-9183-B1952EF92302}.Release32|Any CPU.Build.0 = Release64|Any CPU
		{8C8EDA45-82CF-4776-9183-B1952EF92302}.Release32|x64.ActiveCfg = Release64|Any CPU
		{8C8EDA45-82CF-4776-9183-B1952EF92302}.Release32|x64.Build.0 = Release64|Any CPU
		{8C8EDA45-82CF-4776-9183-B1952EF92302}.Release32|x86.ActiveCfg = Release64|Any CPU
		{8C8EDA45-82CF-4776-9183-B1952EF92302}.Release32|x86.Build.0 = Release64|Any CPU
		{8C8EDA45-82CF-4776-9183-B1952EF92302}.Release64|Any CPU.ActiveCfg = Release64|Any CPU
		{8C8EDA45-82CF-4776-9183-B1952EF92302}.Release64|Any CPU.Build.0 = Release64|Any CPU
		{8C8EDA45-82CF-4776-9183-B1952EF92302}.Release64|x64.ActiveCfg = Release64|Any CPU
		{8C8EDA45-82CF-4776-9183-B1952EF92302}.Release64|x64.Build.0 = Release64|Any CPU
		{8C8EDA45-82CF-4776-9183-B1952EF92302}.Release64|x86.ActiveCfg = Release64|Any CPU
		{8C8EDA45-82CF-4776-9183-B1952EF92302}.Release64|x86.Build.0 = Release64|Any CPU
		{8C8EDA45-82CF-4776-9183-B1952EF92302}.Setup|Any CPU.ActiveCfg = Release64|Any CPU
		{8C8EDA45-82CF-4776-9183-B1952EF92302}.Setup|Any CPU.Build.0 = Release64|Any CPU
		{8C8EDA45-82CF-4776-9183-B1952EF92302}.Setup|x64.ActiveCfg = Release64|Any CPU
		{8C8EDA45-82CF-4776-9183-B1952EF92302}.Setup|x64.Build.0 = Release64|Any CPU
		{8C8EDA45-82CF-4776-9183-B1952EF92302}.Setup|x86.ActiveCfg = Release64|Any CPU
		{8C8EDA45-82CF-4776-9183-B1952EF92302}.Setup|x86.Build.0 = Release64|Any CPU
		{8C8EDA45-82CF-4776-9183-B1952EF92302}.Setup32|Any CPU.ActiveCfg = Release64|Any CPU
		{8C8EDA45-82CF-4776-9183-B1952EF92302}.Setup32|Any CPU.Build.0 = Release64|Any CPU
		{8C8EDA45-82CF-4776-9183-B1952EF92302}.Setup32|x64.ActiveCfg = Release64|Any CPU
		{8C8EDA45-82CF-4776-9183-B1952EF92302}.Setup32|x64.Build.0 = Release64|Any CPU
		{8C8EDA45-82CF-4776-9183-B1952EF92302}.Setup32|x86.ActiveCfg = Release64|Any CPU
		{8C8EDA45-82CF-4776-9183-B1952EF92302}.Setup32|x86.Build.0 = Release64|Any CPU
		{6CAC3C1F-BE69-4E14-B301-62C1049C10FC}.Debug|Any CPU.ActiveCfg = Debug|Any CPU
		{6CAC3C1F-BE69-4E14-B301-62C1049C10FC}.Debug|Any CPU.Build.0 = Debug|Any CPU
		{6CAC3C1F-BE69-4E14-B301-62C1049C10FC}.Debug|x64.ActiveCfg = Debug|Any CPU
		{6CAC3C1F-BE69-4E14-B301-62C1049C10FC}.Debug|x64.Build.0 = Debug|Any CPU
		{6CAC3C1F-BE69-4E14-B301-62C1049C10FC}.Debug|x86.ActiveCfg = Debug|Any CPU
		{6CAC3C1F-BE69-4E14-B301-62C1049C10FC}.Debug|x86.Build.0 = Debug|Any CPU
		{6CAC3C1F-BE69-4E14-B301-62C1049C10FC}.Debug32|Any CPU.ActiveCfg = Debug|Any CPU
		{6CAC3C1F-BE69-4E14-B301-62C1049C10FC}.Debug32|Any CPU.Build.0 = Debug|Any CPU
		{6CAC3C1F-BE69-4E14-B301-62C1049C10FC}.Debug32|x64.ActiveCfg = Debug|Any CPU
		{6CAC3C1F-BE69-4E14-B301-62C1049C10FC}.Debug32|x64.Build.0 = Debug|Any CPU
		{6CAC3C1F-BE69-4E14-B301-62C1049C10FC}.Debug32|x86.ActiveCfg = Debug|Any CPU
		{6CAC3C1F-BE69-4E14-B301-62C1049C10FC}.Debug32|x86.Build.0 = Debug|Any CPU
		{6CAC3C1F-BE69-4E14-B301-62C1049C10FC}.Release|Any CPU.ActiveCfg = Release|Any CPU
		{6CAC3C1F-BE69-4E14-B301-62C1049C10FC}.Release|Any CPU.Build.0 = Release|Any CPU
		{6CAC3C1F-BE69-4E14-B301-62C1049C10FC}.Release|x64.ActiveCfg = Release|Any CPU
		{6CAC3C1F-BE69-4E14-B301-62C1049C10FC}.Release|x64.Build.0 = Release|Any CPU
		{6CAC3C1F-BE69-4E14-B301-62C1049C10FC}.Release|x86.ActiveCfg = Release|Any CPU
		{6CAC3C1F-BE69-4E14-B301-62C1049C10FC}.Release|x86.Build.0 = Release|Any CPU
		{6CAC3C1F-BE69-4E14-B301-62C1049C10FC}.Release32|Any CPU.ActiveCfg = Release64|Any CPU
		{6CAC3C1F-BE69-4E14-B301-62C1049C10FC}.Release32|Any CPU.Build.0 = Release64|Any CPU
		{6CAC3C1F-BE69-4E14-B301-62C1049C10FC}.Release32|x64.ActiveCfg = Release64|Any CPU
		{6CAC3C1F-BE69-4E14-B301-62C1049C10FC}.Release32|x64.Build.0 = Release64|Any CPU
		{6CAC3C1F-BE69-4E14-B301-62C1049C10FC}.Release32|x86.ActiveCfg = Release64|Any CPU
		{6CAC3C1F-BE69-4E14-B301-62C1049C10FC}.Release32|x86.Build.0 = Release64|Any CPU
		{6CAC3C1F-BE69-4E14-B301-62C1049C10FC}.Release64|Any CPU.ActiveCfg = Release64|Any CPU
		{6CAC3C1F-BE69-4E14-B301-62C1049C10FC}.Release64|Any CPU.Build.0 = Release64|Any CPU
		{6CAC3C1F-BE69-4E14-B301-62C1049C10FC}.Release64|x64.ActiveCfg = Release64|Any CPU
		{6CAC3C1F-BE69-4E14-B301-62C1049C10FC}.Release64|x64.Build.0 = Release64|Any CPU
		{6CAC3C1F-BE69-4E14-B301-62C1049C10FC}.Release64|x86.ActiveCfg = Release64|Any CPU
		{6CAC3C1F-BE69-4E14-B301-62C1049C10FC}.Release64|x86.Build.0 = Release64|Any CPU
		{6CAC3C1F-BE69-4E14-B301-62C1049C10FC}.Setup|Any CPU.ActiveCfg = Release64|Any CPU
		{6CAC3C1F-BE69-4E14-B301-62C1049C10FC}.Setup|Any CPU.Build.0 = Release64|Any CPU
		{6CAC3C1F-BE69-4E14-B301-62C1049C10FC}.Setup|x64.ActiveCfg = Release64|Any CPU
		{6CAC3C1F-BE69-4E14-B301-62C1049C10FC}.Setup|x64.Build.0 = Release64|Any CPU
		{6CAC3C1F-BE69-4E14-B301-62C1049C10FC}.Setup|x86.ActiveCfg = Release64|Any CPU
		{6CAC3C1F-BE69-4E14-B301-62C1049C10FC}.Setup|x86.Build.0 = Release64|Any CPU
		{6CAC3C1F-BE69-4E14-B301-62C1049C10FC}.Setup32|Any CPU.ActiveCfg = Release64|Any CPU
		{6CAC3C1F-BE69-4E14-B301-62C1049C10FC}.Setup32|Any CPU.Build.0 = Release64|Any CPU
		{6CAC3C1F-BE69-4E14-B301-62C1049C10FC}.Setup32|x64.ActiveCfg = Release64|Any CPU
		{6CAC3C1F-BE69-4E14-B301-62C1049C10FC}.Setup32|x64.Build.0 = Release64|Any CPU
		{6CAC3C1F-BE69-4E14-B301-62C1049C10FC}.Setup32|x86.ActiveCfg = Release64|Any CPU
		{6CAC3C1F-BE69-4E14-B301-62C1049C10FC}.Setup32|x86.Build.0 = Release64|Any CPU
		{4021DED7-FC3F-42B8-BAE0-19D2CF5916CD}.Debug|Any CPU.ActiveCfg = Debug|Any CPU
		{4021DED7-FC3F-42B8-BAE0-19D2CF5916CD}.Debug|Any CPU.Build.0 = Debug|Any CPU
		{4021DED7-FC3F-42B8-BAE0-19D2CF5916CD}.Debug|x64.ActiveCfg = Debug|Any CPU
		{4021DED7-FC3F-42B8-BAE0-19D2CF5916CD}.Debug|x64.Build.0 = Debug|Any CPU
		{4021DED7-FC3F-42B8-BAE0-19D2CF5916CD}.Debug|x86.ActiveCfg = Debug|Any CPU
		{4021DED7-FC3F-42B8-BAE0-19D2CF5916CD}.Debug|x86.Build.0 = Debug|Any CPU
		{4021DED7-FC3F-42B8-BAE0-19D2CF5916CD}.Debug32|Any CPU.ActiveCfg = Debug|Any CPU
		{4021DED7-FC3F-42B8-BAE0-19D2CF5916CD}.Debug32|Any CPU.Build.0 = Debug|Any CPU
		{4021DED7-FC3F-42B8-BAE0-19D2CF5916CD}.Debug32|x64.ActiveCfg = Debug|Any CPU
		{4021DED7-FC3F-42B8-BAE0-19D2CF5916CD}.Debug32|x64.Build.0 = Debug|Any CPU
		{4021DED7-FC3F-42B8-BAE0-19D2CF5916CD}.Debug32|x86.ActiveCfg = Debug|Any CPU
		{4021DED7-FC3F-42B8-BAE0-19D2CF5916CD}.Debug32|x86.Build.0 = Debug|Any CPU
		{4021DED7-FC3F-42B8-BAE0-19D2CF5916CD}.Release|Any CPU.ActiveCfg = Release|Any CPU
		{4021DED7-FC3F-42B8-BAE0-19D2CF5916CD}.Release|Any CPU.Build.0 = Release|Any CPU
		{4021DED7-FC3F-42B8-BAE0-19D2CF5916CD}.Release|x64.ActiveCfg = Release|Any CPU
		{4021DED7-FC3F-42B8-BAE0-19D2CF5916CD}.Release|x64.Build.0 = Release|Any CPU
		{4021DED7-FC3F-42B8-BAE0-19D2CF5916CD}.Release|x86.ActiveCfg = Release|Any CPU
		{4021DED7-FC3F-42B8-BAE0-19D2CF5916CD}.Release|x86.Build.0 = Release|Any CPU
		{4021DED7-FC3F-42B8-BAE0-19D2CF5916CD}.Release32|Any CPU.ActiveCfg = Release64|Any CPU
		{4021DED7-FC3F-42B8-BAE0-19D2CF5916CD}.Release32|Any CPU.Build.0 = Release64|Any CPU
		{4021DED7-FC3F-42B8-BAE0-19D2CF5916CD}.Release32|x64.ActiveCfg = Release64|Any CPU
		{4021DED7-FC3F-42B8-BAE0-19D2CF5916CD}.Release32|x64.Build.0 = Release64|Any CPU
		{4021DED7-FC3F-42B8-BAE0-19D2CF5916CD}.Release32|x86.ActiveCfg = Release64|Any CPU
		{4021DED7-FC3F-42B8-BAE0-19D2CF5916CD}.Release32|x86.Build.0 = Release64|Any CPU
		{4021DED7-FC3F-42B8-BAE0-19D2CF5916CD}.Release64|Any CPU.ActiveCfg = Release64|Any CPU
		{4021DED7-FC3F-42B8-BAE0-19D2CF5916CD}.Release64|Any CPU.Build.0 = Release64|Any CPU
		{4021DED7-FC3F-42B8-BAE0-19D2CF5916CD}.Release64|x64.ActiveCfg = Release64|Any CPU
		{4021DED7-FC3F-42B8-BAE0-19D2CF5916CD}.Release64|x64.Build.0 = Release64|Any CPU
		{4021DED7-FC3F-42B8-BAE0-19D2CF5916CD}.Release64|x86.ActiveCfg = Release64|Any CPU
		{4021DED7-FC3F-42B8-BAE0-19D2CF5916CD}.Release64|x86.Build.0 = Release64|Any CPU
		{4021DED7-FC3F-42B8-BAE0-19D2CF5916CD}.Setup|Any CPU.ActiveCfg = Release64|Any CPU
		{4021DED7-FC3F-42B8-BAE0-19D2CF5916CD}.Setup|Any CPU.Build.0 = Release64|Any CPU
		{4021DED7-FC3F-42B8-BAE0-19D2CF5916CD}.Setup|x64.ActiveCfg = Release64|Any CPU
		{4021DED7-FC3F-42B8-BAE0-19D2CF5916CD}.Setup|x64.Build.0 = Release64|Any CPU
		{4021DED7-FC3F-42B8-BAE0-19D2CF5916CD}.Setup|x86.ActiveCfg = Release64|Any CPU
		{4021DED7-FC3F-42B8-BAE0-19D2CF5916CD}.Setup|x86.Build.0 = Release64|Any CPU
		{4021DED7-FC3F-42B8-BAE0-19D2CF5916CD}.Setup32|Any CPU.ActiveCfg = Release64|Any CPU
		{4021DED7-FC3F-42B8-BAE0-19D2CF5916CD}.Setup32|Any CPU.Build.0 = Release64|Any CPU
		{4021DED7-FC3F-42B8-BAE0-19D2CF5916CD}.Setup32|x64.ActiveCfg = Release64|Any CPU
		{4021DED7-FC3F-42B8-BAE0-19D2CF5916CD}.Setup32|x64.Build.0 = Release64|Any CPU
		{4021DED7-FC3F-42B8-BAE0-19D2CF5916CD}.Setup32|x86.ActiveCfg = Release64|Any CPU
		{4021DED7-FC3F-42B8-BAE0-19D2CF5916CD}.Setup32|x86.Build.0 = Release64|Any CPU
		{460BF99B-DF67-4598-86A7-653BF818AB72}.Debug|Any CPU.ActiveCfg = Debug|Any CPU
		{460BF99B-DF67-4598-86A7-653BF818AB72}.Debug|Any CPU.Build.0 = Debug|Any CPU
		{460BF99B-DF67-4598-86A7-653BF818AB72}.Debug|x64.ActiveCfg = Debug|x64
		{460BF99B-DF67-4598-86A7-653BF818AB72}.Debug|x64.Build.0 = Debug|x64
		{460BF99B-DF67-4598-86A7-653BF818AB72}.Debug|x86.ActiveCfg = Debug|x86
		{460BF99B-DF67-4598-86A7-653BF818AB72}.Debug|x86.Build.0 = Debug|x86
		{460BF99B-DF67-4598-86A7-653BF818AB72}.Debug32|Any CPU.ActiveCfg = Debug32|Any CPU
		{460BF99B-DF67-4598-86A7-653BF818AB72}.Debug32|Any CPU.Build.0 = Debug32|Any CPU
		{460BF99B-DF67-4598-86A7-653BF818AB72}.Debug32|x64.ActiveCfg = Debug32|x64
		{460BF99B-DF67-4598-86A7-653BF818AB72}.Debug32|x64.Build.0 = Debug32|x64
		{460BF99B-DF67-4598-86A7-653BF818AB72}.Debug32|x86.ActiveCfg = Debug32|x86
		{460BF99B-DF67-4598-86A7-653BF818AB72}.Debug32|x86.Build.0 = Debug32|x86
		{460BF99B-DF67-4598-86A7-653BF818AB72}.Release|Any CPU.ActiveCfg = Release|Any CPU
		{460BF99B-DF67-4598-86A7-653BF818AB72}.Release|Any CPU.Build.0 = Release|Any CPU
		{460BF99B-DF67-4598-86A7-653BF818AB72}.Release|x64.ActiveCfg = Release|x64
		{460BF99B-DF67-4598-86A7-653BF818AB72}.Release|x64.Build.0 = Release|x64
		{460BF99B-DF67-4598-86A7-653BF818AB72}.Release|x86.ActiveCfg = Release|x86
		{460BF99B-DF67-4598-86A7-653BF818AB72}.Release|x86.Build.0 = Release|x86
		{460BF99B-DF67-4598-86A7-653BF818AB72}.Release32|Any CPU.ActiveCfg = Release32|Any CPU
		{460BF99B-DF67-4598-86A7-653BF818AB72}.Release32|Any CPU.Build.0 = Release32|Any CPU
		{460BF99B-DF67-4598-86A7-653BF818AB72}.Release32|x64.ActiveCfg = Release32|x64
		{460BF99B-DF67-4598-86A7-653BF818AB72}.Release32|x64.Build.0 = Release32|x64
		{460BF99B-DF67-4598-86A7-653BF818AB72}.Release32|x86.ActiveCfg = Release32|x86
		{460BF99B-DF67-4598-86A7-653BF818AB72}.Release32|x86.Build.0 = Release32|x86
		{460BF99B-DF67-4598-86A7-653BF818AB72}.Release64|Any CPU.ActiveCfg = Release32|Any CPU
		{460BF99B-DF67-4598-86A7-653BF818AB72}.Release64|Any CPU.Build.0 = Release32|Any CPU
		{460BF99B-DF67-4598-86A7-653BF818AB72}.Release64|x64.ActiveCfg = Release32|x64
		{460BF99B-DF67-4598-86A7-653BF818AB72}.Release64|x64.Build.0 = Release32|x64
		{460BF99B-DF67-4598-86A7-653BF818AB72}.Release64|x86.ActiveCfg = Release32|x86
		{460BF99B-DF67-4598-86A7-653BF818AB72}.Release64|x86.Build.0 = Release32|x86
		{460BF99B-DF67-4598-86A7-653BF818AB72}.Setup|Any CPU.ActiveCfg = Setup|Any CPU
		{460BF99B-DF67-4598-86A7-653BF818AB72}.Setup|Any CPU.Build.0 = Setup|Any CPU
		{460BF99B-DF67-4598-86A7-653BF818AB72}.Setup|x64.ActiveCfg = Setup|x64
		{460BF99B-DF67-4598-86A7-653BF818AB72}.Setup|x64.Build.0 = Setup|x64
		{460BF99B-DF67-4598-86A7-653BF818AB72}.Setup|x86.ActiveCfg = Setup|x86
		{460BF99B-DF67-4598-86A7-653BF818AB72}.Setup|x86.Build.0 = Setup|x86
		{460BF99B-DF67-4598-86A7-653BF818AB72}.Setup32|Any CPU.ActiveCfg = Setup32|Any CPU
		{460BF99B-DF67-4598-86A7-653BF818AB72}.Setup32|Any CPU.Build.0 = Setup32|Any CPU
		{460BF99B-DF67-4598-86A7-653BF818AB72}.Setup32|x64.ActiveCfg = Setup32|x64
		{460BF99B-DF67-4598-86A7-653BF818AB72}.Setup32|x64.Build.0 = Setup32|x64
		{460BF99B-DF67-4598-86A7-653BF818AB72}.Setup32|x86.ActiveCfg = Setup32|x86
		{460BF99B-DF67-4598-86A7-653BF818AB72}.Setup32|x86.Build.0 = Setup32|x86
		{D18BB735-8E34-4E21-A0D8-BF5A020B2E52}.Debug|Any CPU.ActiveCfg = Debug|Any CPU
		{D18BB735-8E34-4E21-A0D8-BF5A020B2E52}.Debug|Any CPU.Build.0 = Debug|Any CPU
		{D18BB735-8E34-4E21-A0D8-BF5A020B2E52}.Debug|x64.ActiveCfg = Debug|x64
		{D18BB735-8E34-4E21-A0D8-BF5A020B2E52}.Debug|x64.Build.0 = Debug|x64
		{D18BB735-8E34-4E21-A0D8-BF5A020B2E52}.Debug|x86.ActiveCfg = Debug|x86
		{D18BB735-8E34-4E21-A0D8-BF5A020B2E52}.Debug|x86.Build.0 = Debug|x86
		{D18BB735-8E34-4E21-A0D8-BF5A020B2E52}.Debug32|Any CPU.ActiveCfg = Debug32|Any CPU
		{D18BB735-8E34-4E21-A0D8-BF5A020B2E52}.Debug32|Any CPU.Build.0 = Debug32|Any CPU
		{D18BB735-8E34-4E21-A0D8-BF5A020B2E52}.Debug32|x64.ActiveCfg = Debug32|x64
		{D18BB735-8E34-4E21-A0D8-BF5A020B2E52}.Debug32|x64.Build.0 = Debug32|x64
		{D18BB735-8E34-4E21-A0D8-BF5A020B2E52}.Debug32|x86.ActiveCfg = Debug32|x86
		{D18BB735-8E34-4E21-A0D8-BF5A020B2E52}.Debug32|x86.Build.0 = Debug32|x86
		{D18BB735-8E34-4E21-A0D8-BF5A020B2E52}.Release|Any CPU.ActiveCfg = Release|Any CPU
		{D18BB735-8E34-4E21-A0D8-BF5A020B2E52}.Release|Any CPU.Build.0 = Release|Any CPU
		{D18BB735-8E34-4E21-A0D8-BF5A020B2E52}.Release|x64.ActiveCfg = Release|x64
		{D18BB735-8E34-4E21-A0D8-BF5A020B2E52}.Release|x64.Build.0 = Release|x64
		{D18BB735-8E34-4E21-A0D8-BF5A020B2E52}.Release|x86.ActiveCfg = Release|x86
		{D18BB735-8E34-4E21-A0D8-BF5A020B2E52}.Release|x86.Build.0 = Release|x86
		{D18BB735-8E34-4E21-A0D8-BF5A020B2E52}.Release32|Any CPU.ActiveCfg = Release32|Any CPU
		{D18BB735-8E34-4E21-A0D8-BF5A020B2E52}.Release32|Any CPU.Build.0 = Release32|Any CPU
		{D18BB735-8E34-4E21-A0D8-BF5A020B2E52}.Release32|x64.ActiveCfg = Release32|x64
		{D18BB735-8E34-4E21-A0D8-BF5A020B2E52}.Release32|x64.Build.0 = Release32|x64
		{D18BB735-8E34-4E21-A0D8-BF5A020B2E52}.Release32|x86.ActiveCfg = Release32|x86
		{D18BB735-8E34-4E21-A0D8-BF5A020B2E52}.Release32|x86.Build.0 = Release32|x86
		{D18BB735-8E34-4E21-A0D8-BF5A020B2E52}.Release64|Any CPU.ActiveCfg = Release32|Any CPU
		{D18BB735-8E34-4E21-A0D8-BF5A020B2E52}.Release64|Any CPU.Build.0 = Release32|Any CPU
		{D18BB735-8E34-4E21-A0D8-BF5A020B2E52}.Release64|x64.ActiveCfg = Release32|x64
		{D18BB735-8E34-4E21-A0D8-BF5A020B2E52}.Release64|x64.Build.0 = Release32|x64
		{D18BB735-8E34-4E21-A0D8-BF5A020B2E52}.Release64|x86.ActiveCfg = Release32|x86
		{D18BB735-8E34-4E21-A0D8-BF5A020B2E52}.Release64|x86.Build.0 = Release32|x86
		{D18BB735-8E34-4E21-A0D8-BF5A020B2E52}.Setup|Any CPU.ActiveCfg = Debug32|Any CPU
		{D18BB735-8E34-4E21-A0D8-BF5A020B2E52}.Setup|Any CPU.Build.0 = Debug32|Any CPU
		{D18BB735-8E34-4E21-A0D8-BF5A020B2E52}.Setup|x64.ActiveCfg = Debug32|x64
		{D18BB735-8E34-4E21-A0D8-BF5A020B2E52}.Setup|x64.Build.0 = Debug32|x64
		{D18BB735-8E34-4E21-A0D8-BF5A020B2E52}.Setup|x86.ActiveCfg = Debug32|x86
		{D18BB735-8E34-4E21-A0D8-BF5A020B2E52}.Setup|x86.Build.0 = Debug32|x86
		{D18BB735-8E34-4E21-A0D8-BF5A020B2E52}.Setup32|Any CPU.ActiveCfg = Debug32|Any CPU
		{D18BB735-8E34-4E21-A0D8-BF5A020B2E52}.Setup32|Any CPU.Build.0 = Debug32|Any CPU
		{D18BB735-8E34-4E21-A0D8-BF5A020B2E52}.Setup32|x64.ActiveCfg = Debug32|x64
		{D18BB735-8E34-4E21-A0D8-BF5A020B2E52}.Setup32|x64.Build.0 = Debug32|x64
		{D18BB735-8E34-4E21-A0D8-BF5A020B2E52}.Setup32|x86.ActiveCfg = Debug32|x86
		{D18BB735-8E34-4E21-A0D8-BF5A020B2E52}.Setup32|x86.Build.0 = Debug32|x86
		{4566B181-1AAB-46B8-A5FE-82673555082F}.Debug|Any CPU.ActiveCfg = Debug|Win32
		{4566B181-1AAB-46B8-A5FE-82673555082F}.Debug|x64.ActiveCfg = Debug|x64
		{4566B181-1AAB-46B8-A5FE-82673555082F}.Debug|x64.Build.0 = Debug|x64
		{4566B181-1AAB-46B8-A5FE-82673555082F}.Debug|x86.ActiveCfg = Debug|Win32
		{4566B181-1AAB-46B8-A5FE-82673555082F}.Debug|x86.Build.0 = Debug|Win32
		{4566B181-1AAB-46B8-A5FE-82673555082F}.Debug32|Any CPU.ActiveCfg = Debug32|Win32
		{4566B181-1AAB-46B8-A5FE-82673555082F}.Debug32|x64.ActiveCfg = Debug32|x64
		{4566B181-1AAB-46B8-A5FE-82673555082F}.Debug32|x64.Build.0 = Debug32|x64
		{4566B181-1AAB-46B8-A5FE-82673555082F}.Debug32|x86.ActiveCfg = Debug32|Win32
		{4566B181-1AAB-46B8-A5FE-82673555082F}.Debug32|x86.Build.0 = Debug32|Win32
		{4566B181-1AAB-46B8-A5FE-82673555082F}.Release|Any CPU.ActiveCfg = Release|Win32
		{4566B181-1AAB-46B8-A5FE-82673555082F}.Release|x64.ActiveCfg = Release|x64
		{4566B181-1AAB-46B8-A5FE-82673555082F}.Release|x64.Build.0 = Release|x64
		{4566B181-1AAB-46B8-A5FE-82673555082F}.Release|x86.ActiveCfg = Release|Win32
		{4566B181-1AAB-46B8-A5FE-82673555082F}.Release|x86.Build.0 = Release|Win32
		{4566B181-1AAB-46B8-A5FE-82673555082F}.Release32|Any CPU.ActiveCfg = Release32|Win32
		{4566B181-1AAB-46B8-A5FE-82673555082F}.Release32|x64.ActiveCfg = Release32|x64
		{4566B181-1AAB-46B8-A5FE-82673555082F}.Release32|x64.Build.0 = Release32|x64
		{4566B181-1AAB-46B8-A5FE-82673555082F}.Release32|x86.ActiveCfg = Release32|Win32
		{4566B181-1AAB-46B8-A5FE-82673555082F}.Release32|x86.Build.0 = Release32|Win32
		{4566B181-1AAB-46B8-A5FE-82673555082F}.Release64|Any CPU.ActiveCfg = Release32|Win32
		{4566B181-1AAB-46B8-A5FE-82673555082F}.Release64|Any CPU.Build.0 = Release32|Win32
		{4566B181-1AAB-46B8-A5FE-82673555082F}.Release64|x64.ActiveCfg = Release32|x64
		{4566B181-1AAB-46B8-A5FE-82673555082F}.Release64|x64.Build.0 = Release32|x64
		{4566B181-1AAB-46B8-A5FE-82673555082F}.Release64|x86.ActiveCfg = Release32|Win32
		{4566B181-1AAB-46B8-A5FE-82673555082F}.Release64|x86.Build.0 = Release32|Win32
		{4566B181-1AAB-46B8-A5FE-82673555082F}.Setup|Any CPU.ActiveCfg = Release32|Win32
		{4566B181-1AAB-46B8-A5FE-82673555082F}.Setup|Any CPU.Build.0 = Release32|Win32
		{4566B181-1AAB-46B8-A5FE-82673555082F}.Setup|x64.ActiveCfg = Release32|x64
		{4566B181-1AAB-46B8-A5FE-82673555082F}.Setup|x64.Build.0 = Release32|x64
		{4566B181-1AAB-46B8-A5FE-82673555082F}.Setup|x86.ActiveCfg = Release32|Win32
		{4566B181-1AAB-46B8-A5FE-82673555082F}.Setup|x86.Build.0 = Release32|Win32
		{4566B181-1AAB-46B8-A5FE-82673555082F}.Setup32|Any CPU.ActiveCfg = Release32|Win32
		{4566B181-1AAB-46B8-A5FE-82673555082F}.Setup32|Any CPU.Build.0 = Release32|Win32
		{4566B181-1AAB-46B8-A5FE-82673555082F}.Setup32|x64.ActiveCfg = Release32|x64
		{4566B181-1AAB-46B8-A5FE-82673555082F}.Setup32|x64.Build.0 = Release32|x64
		{4566B181-1AAB-46B8-A5FE-82673555082F}.Setup32|x86.ActiveCfg = Release32|Win32
		{4566B181-1AAB-46B8-A5FE-82673555082F}.Setup32|x86.Build.0 = Release32|Win32
		{8A44DCE8-FAC1-4E80-9BFF-DE63FF114022}.Debug|Any CPU.ActiveCfg = Debug|Any CPU
		{8A44DCE8-FAC1-4E80-9BFF-DE63FF114022}.Debug|x64.ActiveCfg = Debug|Any CPU
		{8A44DCE8-FAC1-4E80-9BFF-DE63FF114022}.Debug|x86.ActiveCfg = Debug|Any CPU
		{8A44DCE8-FAC1-4E80-9BFF-DE63FF114022}.Debug32|Any CPU.ActiveCfg = Debug|Any CPU
		{8A44DCE8-FAC1-4E80-9BFF-DE63FF114022}.Debug32|x64.ActiveCfg = Debug|Any CPU
		{8A44DCE8-FAC1-4E80-9BFF-DE63FF114022}.Debug32|x86.ActiveCfg = Debug|Any CPU
		{8A44DCE8-FAC1-4E80-9BFF-DE63FF114022}.Release|Any CPU.ActiveCfg = Release|Any CPU
		{8A44DCE8-FAC1-4E80-9BFF-DE63FF114022}.Release|x64.ActiveCfg = Release|Any CPU
		{8A44DCE8-FAC1-4E80-9BFF-DE63FF114022}.Release|x86.ActiveCfg = Release|Any CPU
		{8A44DCE8-FAC1-4E80-9BFF-DE63FF114022}.Release32|Any CPU.ActiveCfg = Release|Any CPU
		{8A44DCE8-FAC1-4E80-9BFF-DE63FF114022}.Release32|x64.ActiveCfg = Release|Any CPU
		{8A44DCE8-FAC1-4E80-9BFF-DE63FF114022}.Release32|x86.ActiveCfg = Release|Any CPU
		{8A44DCE8-FAC1-4E80-9BFF-DE63FF114022}.Release64|Any CPU.ActiveCfg = Release|Any CPU
		{8A44DCE8-FAC1-4E80-9BFF-DE63FF114022}.Release64|x64.ActiveCfg = Release|Any CPU
		{8A44DCE8-FAC1-4E80-9BFF-DE63FF114022}.Release64|x86.ActiveCfg = Release|Any CPU
		{8A44DCE8-FAC1-4E80-9BFF-DE63FF114022}.Setup|Any CPU.ActiveCfg = Release|Any CPU
		{8A44DCE8-FAC1-4E80-9BFF-DE63FF114022}.Setup|x64.ActiveCfg = Release|Any CPU
		{8A44DCE8-FAC1-4E80-9BFF-DE63FF114022}.Setup|x86.ActiveCfg = Release|Any CPU
		{8A44DCE8-FAC1-4E80-9BFF-DE63FF114022}.Setup32|Any CPU.ActiveCfg = Release|Any CPU
		{8A44DCE8-FAC1-4E80-9BFF-DE63FF114022}.Setup32|x64.ActiveCfg = Release|Any CPU
		{8A44DCE8-FAC1-4E80-9BFF-DE63FF114022}.Setup32|x86.ActiveCfg = Release|Any CPU
		{FBBD17D0-73CA-4927-91D1-F4A89AB18FAA}.Debug|Any CPU.ActiveCfg = Debug|Any CPU
		{FBBD17D0-73CA-4927-91D1-F4A89AB18FAA}.Debug|x64.ActiveCfg = Debug|Any CPU
		{FBBD17D0-73CA-4927-91D1-F4A89AB18FAA}.Debug|x86.ActiveCfg = Debug|Any CPU
		{FBBD17D0-73CA-4927-91D1-F4A89AB18FAA}.Debug32|Any CPU.ActiveCfg = Debug|Any CPU
		{FBBD17D0-73CA-4927-91D1-F4A89AB18FAA}.Debug32|x64.ActiveCfg = Debug|Any CPU
		{FBBD17D0-73CA-4927-91D1-F4A89AB18FAA}.Debug32|x86.ActiveCfg = Debug|Any CPU
		{FBBD17D0-73CA-4927-91D1-F4A89AB18FAA}.Release|Any CPU.ActiveCfg = Release|Any CPU
		{FBBD17D0-73CA-4927-91D1-F4A89AB18FAA}.Release|x64.ActiveCfg = Release|Any CPU
		{FBBD17D0-73CA-4927-91D1-F4A89AB18FAA}.Release|x86.ActiveCfg = Release|Any CPU
		{FBBD17D0-73CA-4927-91D1-F4A89AB18FAA}.Release32|Any CPU.ActiveCfg = Release|Any CPU
		{FBBD17D0-73CA-4927-91D1-F4A89AB18FAA}.Release32|x64.ActiveCfg = Release|Any CPU
		{FBBD17D0-73CA-4927-91D1-F4A89AB18FAA}.Release32|x86.ActiveCfg = Release|Any CPU
		{FBBD17D0-73CA-4927-91D1-F4A89AB18FAA}.Release64|Any CPU.ActiveCfg = Release|Any CPU
		{FBBD17D0-73CA-4927-91D1-F4A89AB18FAA}.Release64|x64.ActiveCfg = Release|Any CPU
		{FBBD17D0-73CA-4927-91D1-F4A89AB18FAA}.Release64|x86.ActiveCfg = Release|Any CPU
		{FBBD17D0-73CA-4927-91D1-F4A89AB18FAA}.Setup|Any CPU.ActiveCfg = Release|Any CPU
		{FBBD17D0-73CA-4927-91D1-F4A89AB18FAA}.Setup|x64.ActiveCfg = Release|Any CPU
		{FBBD17D0-73CA-4927-91D1-F4A89AB18FAA}.Setup|x86.ActiveCfg = Release|Any CPU
		{FBBD17D0-73CA-4927-91D1-F4A89AB18FAA}.Setup32|Any CPU.ActiveCfg = Release|Any CPU
		{FBBD17D0-73CA-4927-91D1-F4A89AB18FAA}.Setup32|x64.ActiveCfg = Release|Any CPU
		{FBBD17D0-73CA-4927-91D1-F4A89AB18FAA}.Setup32|x86.ActiveCfg = Release|Any CPU
	EndGlobalSection
	GlobalSection(SolutionProperties) = preSolution
		HideSolutionNode = FALSE
	EndGlobalSection
	GlobalSection(ExtensibilityGlobals) = postSolution
		SolutionGuid = {AD0F4BBF-F188-464F-94E9-FAE0D14459ED}
	EndGlobalSection
EndGlobal
